// !$*UTF8*$!
{
	archiveVersion = 1;
	classes = {
	};
	objectVersion = 46;
	objects = {

/* Begin PBXBuildFile section */
		E6326A361AB8D0A0002BEBF2 /* AppDelegate.swift in Sources */ = {isa = PBXBuildFile; fileRef = E6326A351AB8D0A0002BEBF2 /* AppDelegate.swift */; };
		E6326A381AB8D0A0002BEBF2 /* ViewController.swift in Sources */ = {isa = PBXBuildFile; fileRef = E6326A371AB8D0A0002BEBF2 /* ViewController.swift */; };
		E6326A3B1AB8D0A0002BEBF2 /* Main.storyboard in Resources */ = {isa = PBXBuildFile; fileRef = E6326A391AB8D0A0002BEBF2 /* Main.storyboard */; };
		E6326A3D1AB8D0A0002BEBF2 /* Images.xcassets in Resources */ = {isa = PBXBuildFile; fileRef = E6326A3C1AB8D0A0002BEBF2 /* Images.xcassets */; };
		E6326A401AB8D0A0002BEBF2 /* LaunchScreen.xib in Resources */ = {isa = PBXBuildFile; fileRef = E6326A3E1AB8D0A0002BEBF2 /* LaunchScreen.xib */; };
		E6326A4C1AB8D0A0002BEBF2 /* FuzzyLogicTests.swift in Sources */ = {isa = PBXBuildFile; fileRef = E6326A4B1AB8D0A0002BEBF2 /* FuzzyLogicTests.swift */; };
		E6326A5A1AB8D42A002BEBF2 /* FSLineChart.m in Sources */ = {isa = PBXBuildFile; fileRef = E6326A571AB8D42A002BEBF2 /* FSLineChart.m */; };
		E6326A5B1AB8D42A002BEBF2 /* UIColor+FSPalette.m in Sources */ = {isa = PBXBuildFile; fileRef = E6326A591AB8D42A002BEBF2 /* UIColor+FSPalette.m */; };
		E6326AF41AB8D7DA002BEBF2 /* YapDatabaseFilteredView.m in Sources */ = {isa = PBXBuildFile; fileRef = E6326A631AB8D7DA002BEBF2 /* YapDatabaseFilteredView.m */; };
		E6326AF51AB8D7DA002BEBF2 /* YapDatabaseFilteredViewConnection.m in Sources */ = {isa = PBXBuildFile; fileRef = E6326A651AB8D7DA002BEBF2 /* YapDatabaseFilteredViewConnection.m */; };
		E6326AF61AB8D7DA002BEBF2 /* YapDatabaseFilteredViewTransaction.m in Sources */ = {isa = PBXBuildFile; fileRef = E6326A671AB8D7DA002BEBF2 /* YapDatabaseFilteredViewTransaction.m */; };
		E6326AF71AB8D7DA002BEBF2 /* YapDatabaseFilteredViewTypes.m in Sources */ = {isa = PBXBuildFile; fileRef = E6326A691AB8D7DA002BEBF2 /* YapDatabaseFilteredViewTypes.m */; };
		E6326AF81AB8D7DA002BEBF2 /* YapDatabaseFullTextSearch.m in Sources */ = {isa = PBXBuildFile; fileRef = E6326A6E1AB8D7DA002BEBF2 /* YapDatabaseFullTextSearch.m */; };
		E6326AF91AB8D7DA002BEBF2 /* YapDatabaseFullTextSearchConnection.m in Sources */ = {isa = PBXBuildFile; fileRef = E6326A701AB8D7DA002BEBF2 /* YapDatabaseFullTextSearchConnection.m */; };
		E6326AFA1AB8D7DA002BEBF2 /* YapDatabaseFullTextSearchHandler.m in Sources */ = {isa = PBXBuildFile; fileRef = E6326A721AB8D7DA002BEBF2 /* YapDatabaseFullTextSearchHandler.m */; };
		E6326AFB1AB8D7DA002BEBF2 /* YapDatabaseFullTextSearchSnippetOptions.m in Sources */ = {isa = PBXBuildFile; fileRef = E6326A741AB8D7DA002BEBF2 /* YapDatabaseFullTextSearchSnippetOptions.m */; };
		E6326AFC1AB8D7DA002BEBF2 /* YapDatabaseFullTextSearchTransaction.m in Sources */ = {isa = PBXBuildFile; fileRef = E6326A761AB8D7DA002BEBF2 /* YapDatabaseFullTextSearchTransaction.m */; };
		E6326AFD1AB8D7DA002BEBF2 /* YapDatabaseExtension.m in Sources */ = {isa = PBXBuildFile; fileRef = E6326A7B1AB8D7DA002BEBF2 /* YapDatabaseExtension.m */; };
		E6326AFE1AB8D7DA002BEBF2 /* YapDatabaseExtensionConnection.m in Sources */ = {isa = PBXBuildFile; fileRef = E6326A7D1AB8D7DA002BEBF2 /* YapDatabaseExtensionConnection.m */; };
		E6326AFF1AB8D7DA002BEBF2 /* YapDatabaseExtensionTransaction.m in Sources */ = {isa = PBXBuildFile; fileRef = E6326A7F1AB8D7DA002BEBF2 /* YapDatabaseExtensionTransaction.m */; };
		E6326B001AB8D7DA002BEBF2 /* YapDatabaseRelationship.m in Sources */ = {isa = PBXBuildFile; fileRef = E6326A851AB8D7DA002BEBF2 /* YapDatabaseRelationship.m */; };
		E6326B011AB8D7DA002BEBF2 /* YapDatabaseRelationshipConnection.m in Sources */ = {isa = PBXBuildFile; fileRef = E6326A871AB8D7DA002BEBF2 /* YapDatabaseRelationshipConnection.m */; };
		E6326B021AB8D7DA002BEBF2 /* YapDatabaseRelationshipEdge.m in Sources */ = {isa = PBXBuildFile; fileRef = E6326A891AB8D7DA002BEBF2 /* YapDatabaseRelationshipEdge.m */; };
		E6326B031AB8D7DA002BEBF2 /* YapDatabaseRelationshipOptions.m in Sources */ = {isa = PBXBuildFile; fileRef = E6326A8C1AB8D7DA002BEBF2 /* YapDatabaseRelationshipOptions.m */; };
		E6326B041AB8D7DA002BEBF2 /* YapDatabaseRelationshipTransaction.m in Sources */ = {isa = PBXBuildFile; fileRef = E6326A8E1AB8D7DA002BEBF2 /* YapDatabaseRelationshipTransaction.m */; };
		E6326B051AB8D7DA002BEBF2 /* YapDatabaseSearchQueue.m in Sources */ = {isa = PBXBuildFile; fileRef = E6326A931AB8D7DA002BEBF2 /* YapDatabaseSearchQueue.m */; };
		E6326B061AB8D7DA002BEBF2 /* YapDatabaseSearchResultsView.m in Sources */ = {isa = PBXBuildFile; fileRef = E6326A961AB8D7DA002BEBF2 /* YapDatabaseSearchResultsView.m */; };
		E6326B071AB8D7DA002BEBF2 /* YapDatabaseSearchResultsViewConnection.m in Sources */ = {isa = PBXBuildFile; fileRef = E6326A981AB8D7DA002BEBF2 /* YapDatabaseSearchResultsViewConnection.m */; };
		E6326B081AB8D7DA002BEBF2 /* YapDatabaseSearchResultsViewOptions.m in Sources */ = {isa = PBXBuildFile; fileRef = E6326A9A1AB8D7DA002BEBF2 /* YapDatabaseSearchResultsViewOptions.m */; };
		E6326B091AB8D7DA002BEBF2 /* YapDatabaseSearchResultsViewTransaction.m in Sources */ = {isa = PBXBuildFile; fileRef = E6326A9C1AB8D7DA002BEBF2 /* YapDatabaseSearchResultsViewTransaction.m */; };
		E6326B0A1AB8D7DA002BEBF2 /* YapDatabaseSecondaryIndex.m in Sources */ = {isa = PBXBuildFile; fileRef = E6326AA11AB8D7DA002BEBF2 /* YapDatabaseSecondaryIndex.m */; };
		E6326B0B1AB8D7DA002BEBF2 /* YapDatabaseSecondaryIndexConnection.m in Sources */ = {isa = PBXBuildFile; fileRef = E6326AA31AB8D7DA002BEBF2 /* YapDatabaseSecondaryIndexConnection.m */; };
		E6326B0C1AB8D7DA002BEBF2 /* YapDatabaseSecondaryIndexHandler.m in Sources */ = {isa = PBXBuildFile; fileRef = E6326AA51AB8D7DA002BEBF2 /* YapDatabaseSecondaryIndexHandler.m */; };
		E6326B0D1AB8D7DA002BEBF2 /* YapDatabaseSecondaryIndexOptions.m in Sources */ = {isa = PBXBuildFile; fileRef = E6326AA71AB8D7DA002BEBF2 /* YapDatabaseSecondaryIndexOptions.m */; };
		E6326B0E1AB8D7DA002BEBF2 /* YapDatabaseSecondaryIndexSetup.m in Sources */ = {isa = PBXBuildFile; fileRef = E6326AA91AB8D7DA002BEBF2 /* YapDatabaseSecondaryIndexSetup.m */; };
		E6326B0F1AB8D7DA002BEBF2 /* YapDatabaseSecondaryIndexTransaction.m in Sources */ = {isa = PBXBuildFile; fileRef = E6326AAB1AB8D7DA002BEBF2 /* YapDatabaseSecondaryIndexTransaction.m */; };
		E6326B101AB8D7DA002BEBF2 /* YapDatabaseViewPage.mm in Sources */ = {isa = PBXBuildFile; fileRef = E6326AB11AB8D7DA002BEBF2 /* YapDatabaseViewPage.mm */; };
		E6326B111AB8D7DA002BEBF2 /* YapDatabaseViewPageMetadata.m in Sources */ = {isa = PBXBuildFile; fileRef = E6326AB31AB8D7DA002BEBF2 /* YapDatabaseViewPageMetadata.m */; };
		E6326B121AB8D7DA002BEBF2 /* YapDatabaseViewState.m in Sources */ = {isa = PBXBuildFile; fileRef = E6326AB71AB8D7DA002BEBF2 /* YapDatabaseViewState.m */; };
		E6326B131AB8D7DA002BEBF2 /* YapDatabaseViewChange.m in Sources */ = {isa = PBXBuildFile; fileRef = E6326ABA1AB8D7DA002BEBF2 /* YapDatabaseViewChange.m */; };
		E6326B141AB8D7DA002BEBF2 /* YapDatabaseViewMappings.m in Sources */ = {isa = PBXBuildFile; fileRef = E6326ABC1AB8D7DA002BEBF2 /* YapDatabaseViewMappings.m */; };
		E6326B151AB8D7DA002BEBF2 /* YapDatabaseViewRangeOptions.m in Sources */ = {isa = PBXBuildFile; fileRef = E6326ABE1AB8D7DA002BEBF2 /* YapDatabaseViewRangeOptions.m */; };
		E6326B161AB8D7DA002BEBF2 /* YapDatabaseView.m in Sources */ = {isa = PBXBuildFile; fileRef = E6326AC01AB8D7DA002BEBF2 /* YapDatabaseView.m */; };
		E6326B171AB8D7DA002BEBF2 /* YapDatabaseViewConnection.m in Sources */ = {isa = PBXBuildFile; fileRef = E6326AC21AB8D7DA002BEBF2 /* YapDatabaseViewConnection.m */; };
		E6326B181AB8D7DA002BEBF2 /* YapDatabaseViewOptions.m in Sources */ = {isa = PBXBuildFile; fileRef = E6326AC41AB8D7DA002BEBF2 /* YapDatabaseViewOptions.m */; };
		E6326B191AB8D7DA002BEBF2 /* YapDatabaseViewTransaction.m in Sources */ = {isa = PBXBuildFile; fileRef = E6326AC61AB8D7DA002BEBF2 /* YapDatabaseViewTransaction.m */; };
		E6326B1A1AB8D7DA002BEBF2 /* YapDatabaseViewTypes.m in Sources */ = {isa = PBXBuildFile; fileRef = E6326AC81AB8D7DA002BEBF2 /* YapDatabaseViewTypes.m */; };
		E6326B1B1AB8D7DA002BEBF2 /* NSDictionary+YapDatabase.m in Sources */ = {isa = PBXBuildFile; fileRef = E6326ACB1AB8D7DA002BEBF2 /* NSDictionary+YapDatabase.m */; };
		E6326B1C1AB8D7DA002BEBF2 /* YapDatabaseConnectionDefaults.m in Sources */ = {isa = PBXBuildFile; fileRef = E6326ACD1AB8D7DA002BEBF2 /* YapDatabaseConnectionDefaults.m */; };
		E6326B1D1AB8D7DA002BEBF2 /* YapDatabaseConnectionState.m in Sources */ = {isa = PBXBuildFile; fileRef = E6326ACF1AB8D7DA002BEBF2 /* YapDatabaseConnectionState.m */; };
		E6326B1E1AB8D7DA002BEBF2 /* YapDatabaseLogging.m in Sources */ = {isa = PBXBuildFile; fileRef = E6326AD11AB8D7DA002BEBF2 /* YapDatabaseLogging.m */; };
		E6326B1F1AB8D7DA002BEBF2 /* YapDatabaseManager.m in Sources */ = {isa = PBXBuildFile; fileRef = E6326AD31AB8D7DA002BEBF2 /* YapDatabaseManager.m */; };
		E6326B201AB8D7DA002BEBF2 /* YapDatabaseStatement.m in Sources */ = {isa = PBXBuildFile; fileRef = E6326AD61AB8D7DA002BEBF2 /* YapDatabaseStatement.m */; };
		E6326B211AB8D7DA002BEBF2 /* YapMemoryTable.m in Sources */ = {isa = PBXBuildFile; fileRef = E6326AD91AB8D7DA002BEBF2 /* YapMemoryTable.m */; };
		E6326B221AB8D7DA002BEBF2 /* YapNull.m in Sources */ = {isa = PBXBuildFile; fileRef = E6326ADB1AB8D7DA002BEBF2 /* YapNull.m */; };
		E6326B231AB8D7DA002BEBF2 /* YapRowidSet.mm in Sources */ = {isa = PBXBuildFile; fileRef = E6326ADD1AB8D7DA002BEBF2 /* YapRowidSet.mm */; };
		E6326B241AB8D7DA002BEBF2 /* YapTouch.m in Sources */ = {isa = PBXBuildFile; fileRef = E6326ADF1AB8D7DA002BEBF2 /* YapTouch.m */; };
		E6326B251AB8D7DA002BEBF2 /* LICENSE.txt in Resources */ = {isa = PBXBuildFile; fileRef = E6326AE01AB8D7DA002BEBF2 /* LICENSE.txt */; };
		E6326B261AB8D7DA002BEBF2 /* YapCache.m in Sources */ = {isa = PBXBuildFile; fileRef = E6326AE31AB8D7DA002BEBF2 /* YapCache.m */; };
		E6326B271AB8D7DA002BEBF2 /* YapCollectionKey.m in Sources */ = {isa = PBXBuildFile; fileRef = E6326AE51AB8D7DA002BEBF2 /* YapCollectionKey.m */; };
		E6326B281AB8D7DA002BEBF2 /* YapDatabaseQuery.m in Sources */ = {isa = PBXBuildFile; fileRef = E6326AE71AB8D7DA002BEBF2 /* YapDatabaseQuery.m */; };
		E6326B291AB8D7DA002BEBF2 /* YapSet.m in Sources */ = {isa = PBXBuildFile; fileRef = E6326AE91AB8D7DA002BEBF2 /* YapSet.m */; };
		E6326B2A1AB8D7DA002BEBF2 /* YapWhitelistBlacklist.m in Sources */ = {isa = PBXBuildFile; fileRef = E6326AEB1AB8D7DA002BEBF2 /* YapWhitelistBlacklist.m */; };
		E6326B2B1AB8D7DA002BEBF2 /* YapDatabase.m in Sources */ = {isa = PBXBuildFile; fileRef = E6326AED1AB8D7DA002BEBF2 /* YapDatabase.m */; };
		E6326B2C1AB8D7DA002BEBF2 /* YapDatabaseConnection.m in Sources */ = {isa = PBXBuildFile; fileRef = E6326AEF1AB8D7DA002BEBF2 /* YapDatabaseConnection.m */; };
		E6326B2D1AB8D7DA002BEBF2 /* YapDatabaseOptions.m in Sources */ = {isa = PBXBuildFile; fileRef = E6326AF11AB8D7DA002BEBF2 /* YapDatabaseOptions.m */; };
		E6326B2E1AB8D7DA002BEBF2 /* YapDatabaseTransaction.m in Sources */ = {isa = PBXBuildFile; fileRef = E6326AF31AB8D7DA002BEBF2 /* YapDatabaseTransaction.m */; };
		E6326B491AB8D7F1002BEBF2 /* CLIColor.m in Sources */ = {isa = PBXBuildFile; fileRef = E6326B321AB8D7F1002BEBF2 /* CLIColor.m */; };
		E6326B4A1AB8D7F1002BEBF2 /* DDAbstractDatabaseLogger.m in Sources */ = {isa = PBXBuildFile; fileRef = E6326B341AB8D7F1002BEBF2 /* DDAbstractDatabaseLogger.m */; };
		E6326B4B1AB8D7F1002BEBF2 /* DDASLLogCapture.m in Sources */ = {isa = PBXBuildFile; fileRef = E6326B361AB8D7F1002BEBF2 /* DDASLLogCapture.m */; };
		E6326B4C1AB8D7F1002BEBF2 /* DDASLLogger.m in Sources */ = {isa = PBXBuildFile; fileRef = E6326B381AB8D7F1002BEBF2 /* DDASLLogger.m */; };
		E6326B4D1AB8D7F1002BEBF2 /* DDFileLogger.m in Sources */ = {isa = PBXBuildFile; fileRef = E6326B3A1AB8D7F1002BEBF2 /* DDFileLogger.m */; };
		E6326B4E1AB8D7F1002BEBF2 /* DDLog.m in Sources */ = {isa = PBXBuildFile; fileRef = E6326B3D1AB8D7F1002BEBF2 /* DDLog.m */; };
		E6326B4F1AB8D7F1002BEBF2 /* DDTTYLogger.m in Sources */ = {isa = PBXBuildFile; fileRef = E6326B3F1AB8D7F1002BEBF2 /* DDTTYLogger.m */; };
		E6326B501AB8D7F1002BEBF2 /* DDContextFilterLogFormatter.m in Sources */ = {isa = PBXBuildFile; fileRef = E6326B421AB8D7F1002BEBF2 /* DDContextFilterLogFormatter.m */; };
		E6326B511AB8D7F1002BEBF2 /* DDDispatchQueueLogFormatter.m in Sources */ = {isa = PBXBuildFile; fileRef = E6326B441AB8D7F1002BEBF2 /* DDDispatchQueueLogFormatter.m */; };
		E6326B521AB8D7F1002BEBF2 /* DDMultiFormatter.m in Sources */ = {isa = PBXBuildFile; fileRef = E6326B461AB8D7F1002BEBF2 /* DDMultiFormatter.m */; };
		E6326B531AB8D7F1002BEBF2 /* README.txt in Resources */ = {isa = PBXBuildFile; fileRef = E6326B471AB8D7F1002BEBF2 /* README.txt */; };
		E6326B541AB8D7F1002BEBF2 /* LICENSE.txt in Resources */ = {isa = PBXBuildFile; fileRef = E6326B481AB8D7F1002BEBF2 /* LICENSE.txt */; };
		E6326B561AB8D870002BEBF2 /* libsqlite3.dylib in Frameworks */ = {isa = PBXBuildFile; fileRef = E6326B551AB8D870002BEBF2 /* libsqlite3.dylib */; };
		E6326B631AB8D8F6002BEBF2 /* PureFutures.framework in Frameworks */ = {isa = PBXBuildFile; fileRef = E6326B5E1AB8D8E7002BEBF2 /* PureFutures.framework */; };
		E6326B6A1AB8DA41002BEBF2 /* StudentsManager.swift in Sources */ = {isa = PBXBuildFile; fileRef = E6326B691AB8DA41002BEBF2 /* StudentsManager.swift */; };
		E6326B6D1AB8DA69002BEBF2 /* Student.swift in Sources */ = {isa = PBXBuildFile; fileRef = E6326B6C1AB8DA69002BEBF2 /* Student.swift */; };
/* End PBXBuildFile section */

/* Begin PBXContainerItemProxy section */
		E6326A461AB8D0A0002BEBF2 /* PBXContainerItemProxy */ = {
			isa = PBXContainerItemProxy;
			containerPortal = E6326A281AB8D0A0002BEBF2 /* Project object */;
			proxyType = 1;
			remoteGlobalIDString = E6326A2F1AB8D0A0002BEBF2;
			remoteInfo = FuzzyLogic;
		};
		E6326B5D1AB8D8E7002BEBF2 /* PBXContainerItemProxy */ = {
			isa = PBXContainerItemProxy;
			containerPortal = E6326B581AB8D8E7002BEBF2 /* PureFutures.xcodeproj */;
			proxyType = 2;
			remoteGlobalIDString = E65E6FBE1A86BF41001B514C;
			remoteInfo = PureFutures;
		};
		E6326B5F1AB8D8E7002BEBF2 /* PBXContainerItemProxy */ = {
			isa = PBXContainerItemProxy;
			containerPortal = E6326B581AB8D8E7002BEBF2 /* PureFutures.xcodeproj */;
			proxyType = 2;
			remoteGlobalIDString = E65E6FC91A86BF41001B514C;
			remoteInfo = PureFuturesTests;
		};
		E6326B611AB8D8F1002BEBF2 /* PBXContainerItemProxy */ = {
			isa = PBXContainerItemProxy;
			containerPortal = E6326B581AB8D8E7002BEBF2 /* PureFutures.xcodeproj */;
			proxyType = 1;
			remoteGlobalIDString = E65E6FBD1A86BF41001B514C;
			remoteInfo = PureFutures;
		};
/* End PBXContainerItemProxy section */

/* Begin PBXFileReference section */
		E6326A301AB8D0A0002BEBF2 /* FuzzyLogic.app */ = {isa = PBXFileReference; explicitFileType = wrapper.application; includeInIndex = 0; path = FuzzyLogic.app; sourceTree = BUILT_PRODUCTS_DIR; };
		E6326A341AB8D0A0002BEBF2 /* Info.plist */ = {isa = PBXFileReference; lastKnownFileType = text.plist.xml; path = Info.plist; sourceTree = "<group>"; };
		E6326A351AB8D0A0002BEBF2 /* AppDelegate.swift */ = {isa = PBXFileReference; lastKnownFileType = sourcecode.swift; path = AppDelegate.swift; sourceTree = "<group>"; };
		E6326A371AB8D0A0002BEBF2 /* ViewController.swift */ = {isa = PBXFileReference; lastKnownFileType = sourcecode.swift; path = ViewController.swift; sourceTree = "<group>"; };
		E6326A3A1AB8D0A0002BEBF2 /* Base */ = {isa = PBXFileReference; lastKnownFileType = file.storyboard; name = Base; path = Base.lproj/Main.storyboard; sourceTree = "<group>"; };
		E6326A3C1AB8D0A0002BEBF2 /* Images.xcassets */ = {isa = PBXFileReference; lastKnownFileType = folder.assetcatalog; path = Images.xcassets; sourceTree = "<group>"; };
		E6326A3F1AB8D0A0002BEBF2 /* Base */ = {isa = PBXFileReference; lastKnownFileType = file.xib; name = Base; path = Base.lproj/LaunchScreen.xib; sourceTree = "<group>"; };
		E6326A451AB8D0A0002BEBF2 /* FuzzyLogicTests.xctest */ = {isa = PBXFileReference; explicitFileType = wrapper.cfbundle; includeInIndex = 0; path = FuzzyLogicTests.xctest; sourceTree = BUILT_PRODUCTS_DIR; };
		E6326A4A1AB8D0A0002BEBF2 /* Info.plist */ = {isa = PBXFileReference; lastKnownFileType = text.plist.xml; path = Info.plist; sourceTree = "<group>"; };
		E6326A4B1AB8D0A0002BEBF2 /* FuzzyLogicTests.swift */ = {isa = PBXFileReference; lastKnownFileType = sourcecode.swift; path = FuzzyLogicTests.swift; sourceTree = "<group>"; };
		E6326A561AB8D42A002BEBF2 /* FSLineChart.h */ = {isa = PBXFileReference; fileEncoding = 4; lastKnownFileType = sourcecode.c.h; path = FSLineChart.h; sourceTree = "<group>"; };
		E6326A571AB8D42A002BEBF2 /* FSLineChart.m */ = {isa = PBXFileReference; fileEncoding = 4; lastKnownFileType = sourcecode.c.objc; path = FSLineChart.m; sourceTree = "<group>"; };
		E6326A581AB8D42A002BEBF2 /* UIColor+FSPalette.h */ = {isa = PBXFileReference; fileEncoding = 4; lastKnownFileType = sourcecode.c.h; path = "UIColor+FSPalette.h"; sourceTree = "<group>"; };
		E6326A591AB8D42A002BEBF2 /* UIColor+FSPalette.m */ = {isa = PBXFileReference; fileEncoding = 4; lastKnownFileType = sourcecode.c.objc; path = "UIColor+FSPalette.m"; sourceTree = "<group>"; };
		E6326A611AB8D7DA002BEBF2 /* YapDatabaseFilteredViewPrivate.h */ = {isa = PBXFileReference; fileEncoding = 4; lastKnownFileType = sourcecode.c.h; path = YapDatabaseFilteredViewPrivate.h; sourceTree = "<group>"; };
		E6326A621AB8D7DA002BEBF2 /* YapDatabaseFilteredView.h */ = {isa = PBXFileReference; fileEncoding = 4; lastKnownFileType = sourcecode.c.h; path = YapDatabaseFilteredView.h; sourceTree = "<group>"; };
		E6326A631AB8D7DA002BEBF2 /* YapDatabaseFilteredView.m */ = {isa = PBXFileReference; fileEncoding = 4; lastKnownFileType = sourcecode.c.objc; path = YapDatabaseFilteredView.m; sourceTree = "<group>"; };
		E6326A641AB8D7DA002BEBF2 /* YapDatabaseFilteredViewConnection.h */ = {isa = PBXFileReference; fileEncoding = 4; lastKnownFileType = sourcecode.c.h; path = YapDatabaseFilteredViewConnection.h; sourceTree = "<group>"; };
		E6326A651AB8D7DA002BEBF2 /* YapDatabaseFilteredViewConnection.m */ = {isa = PBXFileReference; fileEncoding = 4; lastKnownFileType = sourcecode.c.objc; path = YapDatabaseFilteredViewConnection.m; sourceTree = "<group>"; };
		E6326A661AB8D7DA002BEBF2 /* YapDatabaseFilteredViewTransaction.h */ = {isa = PBXFileReference; fileEncoding = 4; lastKnownFileType = sourcecode.c.h; path = YapDatabaseFilteredViewTransaction.h; sourceTree = "<group>"; };
		E6326A671AB8D7DA002BEBF2 /* YapDatabaseFilteredViewTransaction.m */ = {isa = PBXFileReference; fileEncoding = 4; lastKnownFileType = sourcecode.c.objc; path = YapDatabaseFilteredViewTransaction.m; sourceTree = "<group>"; };
		E6326A681AB8D7DA002BEBF2 /* YapDatabaseFilteredViewTypes.h */ = {isa = PBXFileReference; fileEncoding = 4; lastKnownFileType = sourcecode.c.h; path = YapDatabaseFilteredViewTypes.h; sourceTree = "<group>"; };
		E6326A691AB8D7DA002BEBF2 /* YapDatabaseFilteredViewTypes.m */ = {isa = PBXFileReference; fileEncoding = 4; lastKnownFileType = sourcecode.c.objc; path = YapDatabaseFilteredViewTypes.m; sourceTree = "<group>"; };
		E6326A6C1AB8D7DA002BEBF2 /* YapDatabaseFullTextSearchPrivate.h */ = {isa = PBXFileReference; fileEncoding = 4; lastKnownFileType = sourcecode.c.h; path = YapDatabaseFullTextSearchPrivate.h; sourceTree = "<group>"; };
		E6326A6D1AB8D7DA002BEBF2 /* YapDatabaseFullTextSearch.h */ = {isa = PBXFileReference; fileEncoding = 4; lastKnownFileType = sourcecode.c.h; path = YapDatabaseFullTextSearch.h; sourceTree = "<group>"; };
		E6326A6E1AB8D7DA002BEBF2 /* YapDatabaseFullTextSearch.m */ = {isa = PBXFileReference; fileEncoding = 4; lastKnownFileType = sourcecode.c.objc; path = YapDatabaseFullTextSearch.m; sourceTree = "<group>"; };
		E6326A6F1AB8D7DA002BEBF2 /* YapDatabaseFullTextSearchConnection.h */ = {isa = PBXFileReference; fileEncoding = 4; lastKnownFileType = sourcecode.c.h; path = YapDatabaseFullTextSearchConnection.h; sourceTree = "<group>"; };
		E6326A701AB8D7DA002BEBF2 /* YapDatabaseFullTextSearchConnection.m */ = {isa = PBXFileReference; fileEncoding = 4; lastKnownFileType = sourcecode.c.objc; path = YapDatabaseFullTextSearchConnection.m; sourceTree = "<group>"; };
		E6326A711AB8D7DA002BEBF2 /* YapDatabaseFullTextSearchHandler.h */ = {isa = PBXFileReference; fileEncoding = 4; lastKnownFileType = sourcecode.c.h; path = YapDatabaseFullTextSearchHandler.h; sourceTree = "<group>"; };
		E6326A721AB8D7DA002BEBF2 /* YapDatabaseFullTextSearchHandler.m */ = {isa = PBXFileReference; fileEncoding = 4; lastKnownFileType = sourcecode.c.objc; path = YapDatabaseFullTextSearchHandler.m; sourceTree = "<group>"; };
		E6326A731AB8D7DA002BEBF2 /* YapDatabaseFullTextSearchSnippetOptions.h */ = {isa = PBXFileReference; fileEncoding = 4; lastKnownFileType = sourcecode.c.h; path = YapDatabaseFullTextSearchSnippetOptions.h; sourceTree = "<group>"; };
		E6326A741AB8D7DA002BEBF2 /* YapDatabaseFullTextSearchSnippetOptions.m */ = {isa = PBXFileReference; fileEncoding = 4; lastKnownFileType = sourcecode.c.objc; path = YapDatabaseFullTextSearchSnippetOptions.m; sourceTree = "<group>"; };
		E6326A751AB8D7DA002BEBF2 /* YapDatabaseFullTextSearchTransaction.h */ = {isa = PBXFileReference; fileEncoding = 4; lastKnownFileType = sourcecode.c.h; path = YapDatabaseFullTextSearchTransaction.h; sourceTree = "<group>"; };
		E6326A761AB8D7DA002BEBF2 /* YapDatabaseFullTextSearchTransaction.m */ = {isa = PBXFileReference; fileEncoding = 4; lastKnownFileType = sourcecode.c.objc; path = YapDatabaseFullTextSearchTransaction.m; sourceTree = "<group>"; };
		E6326A791AB8D7DA002BEBF2 /* YapDatabaseExtensionPrivate.h */ = {isa = PBXFileReference; fileEncoding = 4; lastKnownFileType = sourcecode.c.h; path = YapDatabaseExtensionPrivate.h; sourceTree = "<group>"; };
		E6326A7A1AB8D7DA002BEBF2 /* YapDatabaseExtension.h */ = {isa = PBXFileReference; fileEncoding = 4; lastKnownFileType = sourcecode.c.h; path = YapDatabaseExtension.h; sourceTree = "<group>"; };
		E6326A7B1AB8D7DA002BEBF2 /* YapDatabaseExtension.m */ = {isa = PBXFileReference; fileEncoding = 4; lastKnownFileType = sourcecode.c.objc; path = YapDatabaseExtension.m; sourceTree = "<group>"; };
		E6326A7C1AB8D7DA002BEBF2 /* YapDatabaseExtensionConnection.h */ = {isa = PBXFileReference; fileEncoding = 4; lastKnownFileType = sourcecode.c.h; path = YapDatabaseExtensionConnection.h; sourceTree = "<group>"; };
		E6326A7D1AB8D7DA002BEBF2 /* YapDatabaseExtensionConnection.m */ = {isa = PBXFileReference; fileEncoding = 4; lastKnownFileType = sourcecode.c.objc; path = YapDatabaseExtensionConnection.m; sourceTree = "<group>"; };
		E6326A7E1AB8D7DA002BEBF2 /* YapDatabaseExtensionTransaction.h */ = {isa = PBXFileReference; fileEncoding = 4; lastKnownFileType = sourcecode.c.h; path = YapDatabaseExtensionTransaction.h; sourceTree = "<group>"; };
		E6326A7F1AB8D7DA002BEBF2 /* YapDatabaseExtensionTransaction.m */ = {isa = PBXFileReference; fileEncoding = 4; lastKnownFileType = sourcecode.c.objc; path = YapDatabaseExtensionTransaction.m; sourceTree = "<group>"; };
		E6326A821AB8D7DA002BEBF2 /* YapDatabaseRelationshipEdgePrivate.h */ = {isa = PBXFileReference; fileEncoding = 4; lastKnownFileType = sourcecode.c.h; path = YapDatabaseRelationshipEdgePrivate.h; sourceTree = "<group>"; };
		E6326A831AB8D7DA002BEBF2 /* YapDatabaseRelationshipPrivate.h */ = {isa = PBXFileReference; fileEncoding = 4; lastKnownFileType = sourcecode.c.h; path = YapDatabaseRelationshipPrivate.h; sourceTree = "<group>"; };
		E6326A841AB8D7DA002BEBF2 /* YapDatabaseRelationship.h */ = {isa = PBXFileReference; fileEncoding = 4; lastKnownFileType = sourcecode.c.h; path = YapDatabaseRelationship.h; sourceTree = "<group>"; };
		E6326A851AB8D7DA002BEBF2 /* YapDatabaseRelationship.m */ = {isa = PBXFileReference; fileEncoding = 4; lastKnownFileType = sourcecode.c.objc; path = YapDatabaseRelationship.m; sourceTree = "<group>"; };
		E6326A861AB8D7DA002BEBF2 /* YapDatabaseRelationshipConnection.h */ = {isa = PBXFileReference; fileEncoding = 4; lastKnownFileType = sourcecode.c.h; path = YapDatabaseRelationshipConnection.h; sourceTree = "<group>"; };
		E6326A871AB8D7DA002BEBF2 /* YapDatabaseRelationshipConnection.m */ = {isa = PBXFileReference; fileEncoding = 4; lastKnownFileType = sourcecode.c.objc; path = YapDatabaseRelationshipConnection.m; sourceTree = "<group>"; };
		E6326A881AB8D7DA002BEBF2 /* YapDatabaseRelationshipEdge.h */ = {isa = PBXFileReference; fileEncoding = 4; lastKnownFileType = sourcecode.c.h; path = YapDatabaseRelationshipEdge.h; sourceTree = "<group>"; };
		E6326A891AB8D7DA002BEBF2 /* YapDatabaseRelationshipEdge.m */ = {isa = PBXFileReference; fileEncoding = 4; lastKnownFileType = sourcecode.c.objc; path = YapDatabaseRelationshipEdge.m; sourceTree = "<group>"; };
		E6326A8A1AB8D7DA002BEBF2 /* YapDatabaseRelationshipNode.h */ = {isa = PBXFileReference; fileEncoding = 4; lastKnownFileType = sourcecode.c.h; path = YapDatabaseRelationshipNode.h; sourceTree = "<group>"; };
		E6326A8B1AB8D7DA002BEBF2 /* YapDatabaseRelationshipOptions.h */ = {isa = PBXFileReference; fileEncoding = 4; lastKnownFileType = sourcecode.c.h; path = YapDatabaseRelationshipOptions.h; sourceTree = "<group>"; };
		E6326A8C1AB8D7DA002BEBF2 /* YapDatabaseRelationshipOptions.m */ = {isa = PBXFileReference; fileEncoding = 4; lastKnownFileType = sourcecode.c.objc; path = YapDatabaseRelationshipOptions.m; sourceTree = "<group>"; };
		E6326A8D1AB8D7DA002BEBF2 /* YapDatabaseRelationshipTransaction.h */ = {isa = PBXFileReference; fileEncoding = 4; lastKnownFileType = sourcecode.c.h; path = YapDatabaseRelationshipTransaction.h; sourceTree = "<group>"; };
		E6326A8E1AB8D7DA002BEBF2 /* YapDatabaseRelationshipTransaction.m */ = {isa = PBXFileReference; fileEncoding = 4; lastKnownFileType = sourcecode.c.objc; path = YapDatabaseRelationshipTransaction.m; sourceTree = "<group>"; };
		E6326A911AB8D7DA002BEBF2 /* YapDatabaseSearchResultsViewPrivate.h */ = {isa = PBXFileReference; fileEncoding = 4; lastKnownFileType = sourcecode.c.h; path = YapDatabaseSearchResultsViewPrivate.h; sourceTree = "<group>"; };
		E6326A921AB8D7DA002BEBF2 /* YapDatabaseSearchQueue.h */ = {isa = PBXFileReference; fileEncoding = 4; lastKnownFileType = sourcecode.c.h; path = YapDatabaseSearchQueue.h; sourceTree = "<group>"; };
		E6326A931AB8D7DA002BEBF2 /* YapDatabaseSearchQueue.m */ = {isa = PBXFileReference; fileEncoding = 4; lastKnownFileType = sourcecode.c.objc; path = YapDatabaseSearchQueue.m; sourceTree = "<group>"; };
		E6326A941AB8D7DA002BEBF2 /* YapDatabaseSearchQueuePrivate.h */ = {isa = PBXFileReference; fileEncoding = 4; lastKnownFileType = sourcecode.c.h; path = YapDatabaseSearchQueuePrivate.h; sourceTree = "<group>"; };
		E6326A951AB8D7DA002BEBF2 /* YapDatabaseSearchResultsView.h */ = {isa = PBXFileReference; fileEncoding = 4; lastKnownFileType = sourcecode.c.h; path = YapDatabaseSearchResultsView.h; sourceTree = "<group>"; };
		E6326A961AB8D7DA002BEBF2 /* YapDatabaseSearchResultsView.m */ = {isa = PBXFileReference; fileEncoding = 4; lastKnownFileType = sourcecode.c.objc; path = YapDatabaseSearchResultsView.m; sourceTree = "<group>"; };
		E6326A971AB8D7DA002BEBF2 /* YapDatabaseSearchResultsViewConnection.h */ = {isa = PBXFileReference; fileEncoding = 4; lastKnownFileType = sourcecode.c.h; path = YapDatabaseSearchResultsViewConnection.h; sourceTree = "<group>"; };
		E6326A981AB8D7DA002BEBF2 /* YapDatabaseSearchResultsViewConnection.m */ = {isa = PBXFileReference; fileEncoding = 4; lastKnownFileType = sourcecode.c.objc; path = YapDatabaseSearchResultsViewConnection.m; sourceTree = "<group>"; };
		E6326A991AB8D7DA002BEBF2 /* YapDatabaseSearchResultsViewOptions.h */ = {isa = PBXFileReference; fileEncoding = 4; lastKnownFileType = sourcecode.c.h; path = YapDatabaseSearchResultsViewOptions.h; sourceTree = "<group>"; };
		E6326A9A1AB8D7DA002BEBF2 /* YapDatabaseSearchResultsViewOptions.m */ = {isa = PBXFileReference; fileEncoding = 4; lastKnownFileType = sourcecode.c.objc; path = YapDatabaseSearchResultsViewOptions.m; sourceTree = "<group>"; };
		E6326A9B1AB8D7DA002BEBF2 /* YapDatabaseSearchResultsViewTransaction.h */ = {isa = PBXFileReference; fileEncoding = 4; lastKnownFileType = sourcecode.c.h; path = YapDatabaseSearchResultsViewTransaction.h; sourceTree = "<group>"; };
		E6326A9C1AB8D7DA002BEBF2 /* YapDatabaseSearchResultsViewTransaction.m */ = {isa = PBXFileReference; fileEncoding = 4; lastKnownFileType = sourcecode.c.objc; path = YapDatabaseSearchResultsViewTransaction.m; sourceTree = "<group>"; };
		E6326A9F1AB8D7DA002BEBF2 /* YapDatabaseSecondaryIndexPrivate.h */ = {isa = PBXFileReference; fileEncoding = 4; lastKnownFileType = sourcecode.c.h; path = YapDatabaseSecondaryIndexPrivate.h; sourceTree = "<group>"; };
		E6326AA01AB8D7DA002BEBF2 /* YapDatabaseSecondaryIndex.h */ = {isa = PBXFileReference; fileEncoding = 4; lastKnownFileType = sourcecode.c.h; path = YapDatabaseSecondaryIndex.h; sourceTree = "<group>"; };
		E6326AA11AB8D7DA002BEBF2 /* YapDatabaseSecondaryIndex.m */ = {isa = PBXFileReference; fileEncoding = 4; lastKnownFileType = sourcecode.c.objc; path = YapDatabaseSecondaryIndex.m; sourceTree = "<group>"; };
		E6326AA21AB8D7DA002BEBF2 /* YapDatabaseSecondaryIndexConnection.h */ = {isa = PBXFileReference; fileEncoding = 4; lastKnownFileType = sourcecode.c.h; path = YapDatabaseSecondaryIndexConnection.h; sourceTree = "<group>"; };
		E6326AA31AB8D7DA002BEBF2 /* YapDatabaseSecondaryIndexConnection.m */ = {isa = PBXFileReference; fileEncoding = 4; lastKnownFileType = sourcecode.c.objc; path = YapDatabaseSecondaryIndexConnection.m; sourceTree = "<group>"; };
		E6326AA41AB8D7DA002BEBF2 /* YapDatabaseSecondaryIndexHandler.h */ = {isa = PBXFileReference; fileEncoding = 4; lastKnownFileType = sourcecode.c.h; path = YapDatabaseSecondaryIndexHandler.h; sourceTree = "<group>"; };
		E6326AA51AB8D7DA002BEBF2 /* YapDatabaseSecondaryIndexHandler.m */ = {isa = PBXFileReference; fileEncoding = 4; lastKnownFileType = sourcecode.c.objc; path = YapDatabaseSecondaryIndexHandler.m; sourceTree = "<group>"; };
		E6326AA61AB8D7DA002BEBF2 /* YapDatabaseSecondaryIndexOptions.h */ = {isa = PBXFileReference; fileEncoding = 4; lastKnownFileType = sourcecode.c.h; path = YapDatabaseSecondaryIndexOptions.h; sourceTree = "<group>"; };
		E6326AA71AB8D7DA002BEBF2 /* YapDatabaseSecondaryIndexOptions.m */ = {isa = PBXFileReference; fileEncoding = 4; lastKnownFileType = sourcecode.c.objc; path = YapDatabaseSecondaryIndexOptions.m; sourceTree = "<group>"; };
		E6326AA81AB8D7DA002BEBF2 /* YapDatabaseSecondaryIndexSetup.h */ = {isa = PBXFileReference; fileEncoding = 4; lastKnownFileType = sourcecode.c.h; path = YapDatabaseSecondaryIndexSetup.h; sourceTree = "<group>"; };
		E6326AA91AB8D7DA002BEBF2 /* YapDatabaseSecondaryIndexSetup.m */ = {isa = PBXFileReference; fileEncoding = 4; lastKnownFileType = sourcecode.c.objc; path = YapDatabaseSecondaryIndexSetup.m; sourceTree = "<group>"; };
		E6326AAA1AB8D7DA002BEBF2 /* YapDatabaseSecondaryIndexTransaction.h */ = {isa = PBXFileReference; fileEncoding = 4; lastKnownFileType = sourcecode.c.h; path = YapDatabaseSecondaryIndexTransaction.h; sourceTree = "<group>"; };
		E6326AAB1AB8D7DA002BEBF2 /* YapDatabaseSecondaryIndexTransaction.m */ = {isa = PBXFileReference; fileEncoding = 4; lastKnownFileType = sourcecode.c.objc; path = YapDatabaseSecondaryIndexTransaction.m; sourceTree = "<group>"; };
		E6326AAE1AB8D7DA002BEBF2 /* YapDatabaseViewChangePrivate.h */ = {isa = PBXFileReference; fileEncoding = 4; lastKnownFileType = sourcecode.c.h; path = YapDatabaseViewChangePrivate.h; sourceTree = "<group>"; };
		E6326AAF1AB8D7DA002BEBF2 /* YapDatabaseViewMappingsPrivate.h */ = {isa = PBXFileReference; fileEncoding = 4; lastKnownFileType = sourcecode.c.h; path = YapDatabaseViewMappingsPrivate.h; sourceTree = "<group>"; };
		E6326AB01AB8D7DA002BEBF2 /* YapDatabaseViewPage.h */ = {isa = PBXFileReference; fileEncoding = 4; lastKnownFileType = sourcecode.c.h; path = YapDatabaseViewPage.h; sourceTree = "<group>"; };
		E6326AB11AB8D7DA002BEBF2 /* YapDatabaseViewPage.mm */ = {isa = PBXFileReference; fileEncoding = 4; lastKnownFileType = sourcecode.cpp.objcpp; path = YapDatabaseViewPage.mm; sourceTree = "<group>"; };
		E6326AB21AB8D7DA002BEBF2 /* YapDatabaseViewPageMetadata.h */ = {isa = PBXFileReference; fileEncoding = 4; lastKnownFileType = sourcecode.c.h; path = YapDatabaseViewPageMetadata.h; sourceTree = "<group>"; };
		E6326AB31AB8D7DA002BEBF2 /* YapDatabaseViewPageMetadata.m */ = {isa = PBXFileReference; fileEncoding = 4; lastKnownFileType = sourcecode.c.objc; path = YapDatabaseViewPageMetadata.m; sourceTree = "<group>"; };
		E6326AB41AB8D7DA002BEBF2 /* YapDatabaseViewPrivate.h */ = {isa = PBXFileReference; fileEncoding = 4; lastKnownFileType = sourcecode.c.h; path = YapDatabaseViewPrivate.h; sourceTree = "<group>"; };
		E6326AB51AB8D7DA002BEBF2 /* YapDatabaseViewRangeOptionsPrivate.h */ = {isa = PBXFileReference; fileEncoding = 4; lastKnownFileType = sourcecode.c.h; path = YapDatabaseViewRangeOptionsPrivate.h; sourceTree = "<group>"; };
		E6326AB61AB8D7DA002BEBF2 /* YapDatabaseViewState.h */ = {isa = PBXFileReference; fileEncoding = 4; lastKnownFileType = sourcecode.c.h; path = YapDatabaseViewState.h; sourceTree = "<group>"; };
		E6326AB71AB8D7DA002BEBF2 /* YapDatabaseViewState.m */ = {isa = PBXFileReference; fileEncoding = 4; lastKnownFileType = sourcecode.c.objc; path = YapDatabaseViewState.m; sourceTree = "<group>"; };
		E6326AB91AB8D7DA002BEBF2 /* YapDatabaseViewChange.h */ = {isa = PBXFileReference; fileEncoding = 4; lastKnownFileType = sourcecode.c.h; path = YapDatabaseViewChange.h; sourceTree = "<group>"; };
		E6326ABA1AB8D7DA002BEBF2 /* YapDatabaseViewChange.m */ = {isa = PBXFileReference; fileEncoding = 4; lastKnownFileType = sourcecode.c.objc; path = YapDatabaseViewChange.m; sourceTree = "<group>"; };
		E6326ABB1AB8D7DA002BEBF2 /* YapDatabaseViewMappings.h */ = {isa = PBXFileReference; fileEncoding = 4; lastKnownFileType = sourcecode.c.h; path = YapDatabaseViewMappings.h; sourceTree = "<group>"; };
		E6326ABC1AB8D7DA002BEBF2 /* YapDatabaseViewMappings.m */ = {isa = PBXFileReference; fileEncoding = 4; lastKnownFileType = sourcecode.c.objc; path = YapDatabaseViewMappings.m; sourceTree = "<group>"; };
		E6326ABD1AB8D7DA002BEBF2 /* YapDatabaseViewRangeOptions.h */ = {isa = PBXFileReference; fileEncoding = 4; lastKnownFileType = sourcecode.c.h; path = YapDatabaseViewRangeOptions.h; sourceTree = "<group>"; };
		E6326ABE1AB8D7DA002BEBF2 /* YapDatabaseViewRangeOptions.m */ = {isa = PBXFileReference; fileEncoding = 4; lastKnownFileType = sourcecode.c.objc; path = YapDatabaseViewRangeOptions.m; sourceTree = "<group>"; };
		E6326ABF1AB8D7DA002BEBF2 /* YapDatabaseView.h */ = {isa = PBXFileReference; fileEncoding = 4; lastKnownFileType = sourcecode.c.h; path = YapDatabaseView.h; sourceTree = "<group>"; };
		E6326AC01AB8D7DA002BEBF2 /* YapDatabaseView.m */ = {isa = PBXFileReference; fileEncoding = 4; lastKnownFileType = sourcecode.c.objc; path = YapDatabaseView.m; sourceTree = "<group>"; };
		E6326AC11AB8D7DA002BEBF2 /* YapDatabaseViewConnection.h */ = {isa = PBXFileReference; fileEncoding = 4; lastKnownFileType = sourcecode.c.h; path = YapDatabaseViewConnection.h; sourceTree = "<group>"; };
		E6326AC21AB8D7DA002BEBF2 /* YapDatabaseViewConnection.m */ = {isa = PBXFileReference; fileEncoding = 4; lastKnownFileType = sourcecode.c.objc; path = YapDatabaseViewConnection.m; sourceTree = "<group>"; };
		E6326AC31AB8D7DA002BEBF2 /* YapDatabaseViewOptions.h */ = {isa = PBXFileReference; fileEncoding = 4; lastKnownFileType = sourcecode.c.h; path = YapDatabaseViewOptions.h; sourceTree = "<group>"; };
		E6326AC41AB8D7DA002BEBF2 /* YapDatabaseViewOptions.m */ = {isa = PBXFileReference; fileEncoding = 4; lastKnownFileType = sourcecode.c.objc; path = YapDatabaseViewOptions.m; sourceTree = "<group>"; };
		E6326AC51AB8D7DA002BEBF2 /* YapDatabaseViewTransaction.h */ = {isa = PBXFileReference; fileEncoding = 4; lastKnownFileType = sourcecode.c.h; path = YapDatabaseViewTransaction.h; sourceTree = "<group>"; };
		E6326AC61AB8D7DA002BEBF2 /* YapDatabaseViewTransaction.m */ = {isa = PBXFileReference; fileEncoding = 4; lastKnownFileType = sourcecode.c.objc; path = YapDatabaseViewTransaction.m; sourceTree = "<group>"; };
		E6326AC71AB8D7DA002BEBF2 /* YapDatabaseViewTypes.h */ = {isa = PBXFileReference; fileEncoding = 4; lastKnownFileType = sourcecode.c.h; path = YapDatabaseViewTypes.h; sourceTree = "<group>"; };
		E6326AC81AB8D7DA002BEBF2 /* YapDatabaseViewTypes.m */ = {isa = PBXFileReference; fileEncoding = 4; lastKnownFileType = sourcecode.c.objc; path = YapDatabaseViewTypes.m; sourceTree = "<group>"; };
		E6326ACA1AB8D7DA002BEBF2 /* NSDictionary+YapDatabase.h */ = {isa = PBXFileReference; fileEncoding = 4; lastKnownFileType = sourcecode.c.h; path = "NSDictionary+YapDatabase.h"; sourceTree = "<group>"; };
		E6326ACB1AB8D7DA002BEBF2 /* NSDictionary+YapDatabase.m */ = {isa = PBXFileReference; fileEncoding = 4; lastKnownFileType = sourcecode.c.objc; path = "NSDictionary+YapDatabase.m"; sourceTree = "<group>"; };
		E6326ACC1AB8D7DA002BEBF2 /* YapDatabaseConnectionDefaults.h */ = {isa = PBXFileReference; fileEncoding = 4; lastKnownFileType = sourcecode.c.h; path = YapDatabaseConnectionDefaults.h; sourceTree = "<group>"; };
		E6326ACD1AB8D7DA002BEBF2 /* YapDatabaseConnectionDefaults.m */ = {isa = PBXFileReference; fileEncoding = 4; lastKnownFileType = sourcecode.c.objc; path = YapDatabaseConnectionDefaults.m; sourceTree = "<group>"; };
		E6326ACE1AB8D7DA002BEBF2 /* YapDatabaseConnectionState.h */ = {isa = PBXFileReference; fileEncoding = 4; lastKnownFileType = sourcecode.c.h; path = YapDatabaseConnectionState.h; sourceTree = "<group>"; };
		E6326ACF1AB8D7DA002BEBF2 /* YapDatabaseConnectionState.m */ = {isa = PBXFileReference; fileEncoding = 4; lastKnownFileType = sourcecode.c.objc; path = YapDatabaseConnectionState.m; sourceTree = "<group>"; };
		E6326AD01AB8D7DA002BEBF2 /* YapDatabaseLogging.h */ = {isa = PBXFileReference; fileEncoding = 4; lastKnownFileType = sourcecode.c.h; path = YapDatabaseLogging.h; sourceTree = "<group>"; };
		E6326AD11AB8D7DA002BEBF2 /* YapDatabaseLogging.m */ = {isa = PBXFileReference; fileEncoding = 4; lastKnownFileType = sourcecode.c.objc; path = YapDatabaseLogging.m; sourceTree = "<group>"; };
		E6326AD21AB8D7DA002BEBF2 /* YapDatabaseManager.h */ = {isa = PBXFileReference; fileEncoding = 4; lastKnownFileType = sourcecode.c.h; path = YapDatabaseManager.h; sourceTree = "<group>"; };
		E6326AD31AB8D7DA002BEBF2 /* YapDatabaseManager.m */ = {isa = PBXFileReference; fileEncoding = 4; lastKnownFileType = sourcecode.c.objc; path = YapDatabaseManager.m; sourceTree = "<group>"; };
		E6326AD41AB8D7DA002BEBF2 /* YapDatabasePrivate.h */ = {isa = PBXFileReference; fileEncoding = 4; lastKnownFileType = sourcecode.c.h; path = YapDatabasePrivate.h; sourceTree = "<group>"; };
		E6326AD51AB8D7DA002BEBF2 /* YapDatabaseStatement.h */ = {isa = PBXFileReference; fileEncoding = 4; lastKnownFileType = sourcecode.c.h; path = YapDatabaseStatement.h; sourceTree = "<group>"; };
		E6326AD61AB8D7DA002BEBF2 /* YapDatabaseStatement.m */ = {isa = PBXFileReference; fileEncoding = 4; lastKnownFileType = sourcecode.c.objc; path = YapDatabaseStatement.m; sourceTree = "<group>"; };
		E6326AD71AB8D7DA002BEBF2 /* YapDatabaseString.h */ = {isa = PBXFileReference; fileEncoding = 4; lastKnownFileType = sourcecode.c.h; path = YapDatabaseString.h; sourceTree = "<group>"; };
		E6326AD81AB8D7DA002BEBF2 /* YapMemoryTable.h */ = {isa = PBXFileReference; fileEncoding = 4; lastKnownFileType = sourcecode.c.h; path = YapMemoryTable.h; sourceTree = "<group>"; };
		E6326AD91AB8D7DA002BEBF2 /* YapMemoryTable.m */ = {isa = PBXFileReference; fileEncoding = 4; lastKnownFileType = sourcecode.c.objc; path = YapMemoryTable.m; sourceTree = "<group>"; };
		E6326ADA1AB8D7DA002BEBF2 /* YapNull.h */ = {isa = PBXFileReference; fileEncoding = 4; lastKnownFileType = sourcecode.c.h; path = YapNull.h; sourceTree = "<group>"; };
		E6326ADB1AB8D7DA002BEBF2 /* YapNull.m */ = {isa = PBXFileReference; fileEncoding = 4; lastKnownFileType = sourcecode.c.objc; path = YapNull.m; sourceTree = "<group>"; };
		E6326ADC1AB8D7DA002BEBF2 /* YapRowidSet.h */ = {isa = PBXFileReference; fileEncoding = 4; lastKnownFileType = sourcecode.c.h; path = YapRowidSet.h; sourceTree = "<group>"; };
		E6326ADD1AB8D7DA002BEBF2 /* YapRowidSet.mm */ = {isa = PBXFileReference; fileEncoding = 4; lastKnownFileType = sourcecode.cpp.objcpp; path = YapRowidSet.mm; sourceTree = "<group>"; };
		E6326ADE1AB8D7DA002BEBF2 /* YapTouch.h */ = {isa = PBXFileReference; fileEncoding = 4; lastKnownFileType = sourcecode.c.h; path = YapTouch.h; sourceTree = "<group>"; };
		E6326ADF1AB8D7DA002BEBF2 /* YapTouch.m */ = {isa = PBXFileReference; fileEncoding = 4; lastKnownFileType = sourcecode.c.objc; path = YapTouch.m; sourceTree = "<group>"; };
		E6326AE01AB8D7DA002BEBF2 /* LICENSE.txt */ = {isa = PBXFileReference; fileEncoding = 4; lastKnownFileType = text; path = LICENSE.txt; sourceTree = "<group>"; };
		E6326AE21AB8D7DA002BEBF2 /* YapCache.h */ = {isa = PBXFileReference; fileEncoding = 4; lastKnownFileType = sourcecode.c.h; path = YapCache.h; sourceTree = "<group>"; };
		E6326AE31AB8D7DA002BEBF2 /* YapCache.m */ = {isa = PBXFileReference; fileEncoding = 4; lastKnownFileType = sourcecode.c.objc; path = YapCache.m; sourceTree = "<group>"; };
		E6326AE41AB8D7DA002BEBF2 /* YapCollectionKey.h */ = {isa = PBXFileReference; fileEncoding = 4; lastKnownFileType = sourcecode.c.h; path = YapCollectionKey.h; sourceTree = "<group>"; };
		E6326AE51AB8D7DA002BEBF2 /* YapCollectionKey.m */ = {isa = PBXFileReference; fileEncoding = 4; lastKnownFileType = sourcecode.c.objc; path = YapCollectionKey.m; sourceTree = "<group>"; };
		E6326AE61AB8D7DA002BEBF2 /* YapDatabaseQuery.h */ = {isa = PBXFileReference; fileEncoding = 4; lastKnownFileType = sourcecode.c.h; path = YapDatabaseQuery.h; sourceTree = "<group>"; };
		E6326AE71AB8D7DA002BEBF2 /* YapDatabaseQuery.m */ = {isa = PBXFileReference; fileEncoding = 4; lastKnownFileType = sourcecode.c.objc; path = YapDatabaseQuery.m; sourceTree = "<group>"; };
		E6326AE81AB8D7DA002BEBF2 /* YapSet.h */ = {isa = PBXFileReference; fileEncoding = 4; lastKnownFileType = sourcecode.c.h; path = YapSet.h; sourceTree = "<group>"; };
		E6326AE91AB8D7DA002BEBF2 /* YapSet.m */ = {isa = PBXFileReference; fileEncoding = 4; lastKnownFileType = sourcecode.c.objc; path = YapSet.m; sourceTree = "<group>"; };
		E6326AEA1AB8D7DA002BEBF2 /* YapWhitelistBlacklist.h */ = {isa = PBXFileReference; fileEncoding = 4; lastKnownFileType = sourcecode.c.h; path = YapWhitelistBlacklist.h; sourceTree = "<group>"; };
		E6326AEB1AB8D7DA002BEBF2 /* YapWhitelistBlacklist.m */ = {isa = PBXFileReference; fileEncoding = 4; lastKnownFileType = sourcecode.c.objc; path = YapWhitelistBlacklist.m; sourceTree = "<group>"; };
		E6326AEC1AB8D7DA002BEBF2 /* YapDatabase.h */ = {isa = PBXFileReference; fileEncoding = 4; lastKnownFileType = sourcecode.c.h; path = YapDatabase.h; sourceTree = "<group>"; };
		E6326AED1AB8D7DA002BEBF2 /* YapDatabase.m */ = {isa = PBXFileReference; fileEncoding = 4; lastKnownFileType = sourcecode.c.objc; path = YapDatabase.m; sourceTree = "<group>"; };
		E6326AEE1AB8D7DA002BEBF2 /* YapDatabaseConnection.h */ = {isa = PBXFileReference; fileEncoding = 4; lastKnownFileType = sourcecode.c.h; path = YapDatabaseConnection.h; sourceTree = "<group>"; };
		E6326AEF1AB8D7DA002BEBF2 /* YapDatabaseConnection.m */ = {isa = PBXFileReference; fileEncoding = 4; lastKnownFileType = sourcecode.c.objc; path = YapDatabaseConnection.m; sourceTree = "<group>"; };
		E6326AF01AB8D7DA002BEBF2 /* YapDatabaseOptions.h */ = {isa = PBXFileReference; fileEncoding = 4; lastKnownFileType = sourcecode.c.h; path = YapDatabaseOptions.h; sourceTree = "<group>"; };
		E6326AF11AB8D7DA002BEBF2 /* YapDatabaseOptions.m */ = {isa = PBXFileReference; fileEncoding = 4; lastKnownFileType = sourcecode.c.objc; path = YapDatabaseOptions.m; sourceTree = "<group>"; };
		E6326AF21AB8D7DA002BEBF2 /* YapDatabaseTransaction.h */ = {isa = PBXFileReference; fileEncoding = 4; lastKnownFileType = sourcecode.c.h; path = YapDatabaseTransaction.h; sourceTree = "<group>"; };
		E6326AF31AB8D7DA002BEBF2 /* YapDatabaseTransaction.m */ = {isa = PBXFileReference; fileEncoding = 4; lastKnownFileType = sourcecode.c.objc; path = YapDatabaseTransaction.m; sourceTree = "<group>"; };
		E6326B311AB8D7F1002BEBF2 /* CLIColor.h */ = {isa = PBXFileReference; fileEncoding = 4; lastKnownFileType = sourcecode.c.h; path = CLIColor.h; sourceTree = "<group>"; };
		E6326B321AB8D7F1002BEBF2 /* CLIColor.m */ = {isa = PBXFileReference; fileEncoding = 4; lastKnownFileType = sourcecode.c.objc; path = CLIColor.m; sourceTree = "<group>"; };
		E6326B331AB8D7F1002BEBF2 /* DDAbstractDatabaseLogger.h */ = {isa = PBXFileReference; fileEncoding = 4; lastKnownFileType = sourcecode.c.h; path = DDAbstractDatabaseLogger.h; sourceTree = "<group>"; };
		E6326B341AB8D7F1002BEBF2 /* DDAbstractDatabaseLogger.m */ = {isa = PBXFileReference; fileEncoding = 4; lastKnownFileType = sourcecode.c.objc; path = DDAbstractDatabaseLogger.m; sourceTree = "<group>"; };
		E6326B351AB8D7F1002BEBF2 /* DDASLLogCapture.h */ = {isa = PBXFileReference; fileEncoding = 4; lastKnownFileType = sourcecode.c.h; path = DDASLLogCapture.h; sourceTree = "<group>"; };
		E6326B361AB8D7F1002BEBF2 /* DDASLLogCapture.m */ = {isa = PBXFileReference; fileEncoding = 4; lastKnownFileType = sourcecode.c.objc; path = DDASLLogCapture.m; sourceTree = "<group>"; };
		E6326B371AB8D7F1002BEBF2 /* DDASLLogger.h */ = {isa = PBXFileReference; fileEncoding = 4; lastKnownFileType = sourcecode.c.h; path = DDASLLogger.h; sourceTree = "<group>"; };
		E6326B381AB8D7F1002BEBF2 /* DDASLLogger.m */ = {isa = PBXFileReference; fileEncoding = 4; lastKnownFileType = sourcecode.c.objc; path = DDASLLogger.m; sourceTree = "<group>"; };
		E6326B391AB8D7F1002BEBF2 /* DDFileLogger.h */ = {isa = PBXFileReference; fileEncoding = 4; lastKnownFileType = sourcecode.c.h; path = DDFileLogger.h; sourceTree = "<group>"; };
		E6326B3A1AB8D7F1002BEBF2 /* DDFileLogger.m */ = {isa = PBXFileReference; fileEncoding = 4; lastKnownFileType = sourcecode.c.objc; path = DDFileLogger.m; sourceTree = "<group>"; };
		E6326B3B1AB8D7F1002BEBF2 /* DDLog+LOGV.h */ = {isa = PBXFileReference; fileEncoding = 4; lastKnownFileType = sourcecode.c.h; path = "DDLog+LOGV.h"; sourceTree = "<group>"; };
		E6326B3C1AB8D7F1002BEBF2 /* DDLog.h */ = {isa = PBXFileReference; fileEncoding = 4; lastKnownFileType = sourcecode.c.h; path = DDLog.h; sourceTree = "<group>"; };
		E6326B3D1AB8D7F1002BEBF2 /* DDLog.m */ = {isa = PBXFileReference; fileEncoding = 4; lastKnownFileType = sourcecode.c.objc; path = DDLog.m; sourceTree = "<group>"; };
		E6326B3E1AB8D7F1002BEBF2 /* DDTTYLogger.h */ = {isa = PBXFileReference; fileEncoding = 4; lastKnownFileType = sourcecode.c.h; path = DDTTYLogger.h; sourceTree = "<group>"; };
		E6326B3F1AB8D7F1002BEBF2 /* DDTTYLogger.m */ = {isa = PBXFileReference; fileEncoding = 4; lastKnownFileType = sourcecode.c.objc; path = DDTTYLogger.m; sourceTree = "<group>"; };
		E6326B411AB8D7F1002BEBF2 /* DDContextFilterLogFormatter.h */ = {isa = PBXFileReference; fileEncoding = 4; lastKnownFileType = sourcecode.c.h; path = DDContextFilterLogFormatter.h; sourceTree = "<group>"; };
		E6326B421AB8D7F1002BEBF2 /* DDContextFilterLogFormatter.m */ = {isa = PBXFileReference; fileEncoding = 4; lastKnownFileType = sourcecode.c.objc; path = DDContextFilterLogFormatter.m; sourceTree = "<group>"; };
		E6326B431AB8D7F1002BEBF2 /* DDDispatchQueueLogFormatter.h */ = {isa = PBXFileReference; fileEncoding = 4; lastKnownFileType = sourcecode.c.h; path = DDDispatchQueueLogFormatter.h; sourceTree = "<group>"; };
		E6326B441AB8D7F1002BEBF2 /* DDDispatchQueueLogFormatter.m */ = {isa = PBXFileReference; fileEncoding = 4; lastKnownFileType = sourcecode.c.objc; path = DDDispatchQueueLogFormatter.m; sourceTree = "<group>"; };
		E6326B451AB8D7F1002BEBF2 /* DDMultiFormatter.h */ = {isa = PBXFileReference; fileEncoding = 4; lastKnownFileType = sourcecode.c.h; path = DDMultiFormatter.h; sourceTree = "<group>"; };
		E6326B461AB8D7F1002BEBF2 /* DDMultiFormatter.m */ = {isa = PBXFileReference; fileEncoding = 4; lastKnownFileType = sourcecode.c.objc; path = DDMultiFormatter.m; sourceTree = "<group>"; };
		E6326B471AB8D7F1002BEBF2 /* README.txt */ = {isa = PBXFileReference; fileEncoding = 4; lastKnownFileType = text; path = README.txt; sourceTree = "<group>"; };
		E6326B481AB8D7F1002BEBF2 /* LICENSE.txt */ = {isa = PBXFileReference; fileEncoding = 4; lastKnownFileType = text; path = LICENSE.txt; sourceTree = "<group>"; };
		E6326B551AB8D870002BEBF2 /* libsqlite3.dylib */ = {isa = PBXFileReference; lastKnownFileType = "compiled.mach-o.dylib"; name = libsqlite3.dylib; path = usr/lib/libsqlite3.dylib; sourceTree = SDKROOT; };
		E6326B581AB8D8E7002BEBF2 /* PureFutures.xcodeproj */ = {isa = PBXFileReference; lastKnownFileType = "wrapper.pb-project"; name = PureFutures.xcodeproj; path = submodules/PureFutures/PureFutures.xcodeproj; sourceTree = SOURCE_ROOT; };
		E6326B671AB8D94E002BEBF2 /* FuzzyLogic-BridgingHeader.h */ = {isa = PBXFileReference; explicitFileType = sourcecode.c.objc; path = "FuzzyLogic-BridgingHeader.h"; sourceTree = "<group>"; };
		E6326B691AB8DA41002BEBF2 /* StudentsManager.swift */ = {isa = PBXFileReference; fileEncoding = 4; lastKnownFileType = sourcecode.swift; path = StudentsManager.swift; sourceTree = "<group>"; };
		E6326B6C1AB8DA69002BEBF2 /* Student.swift */ = {isa = PBXFileReference; fileEncoding = 4; lastKnownFileType = sourcecode.swift; path = Student.swift; sourceTree = "<group>"; };
/* End PBXFileReference section */

/* Begin PBXFrameworksBuildPhase section */
		E6326A2D1AB8D0A0002BEBF2 /* Frameworks */ = {
			isa = PBXFrameworksBuildPhase;
			buildActionMask = 2147483647;
			files = (
				E6326B631AB8D8F6002BEBF2 /* PureFutures.framework in Frameworks */,
				E6326B561AB8D870002BEBF2 /* libsqlite3.dylib in Frameworks */,
			);
			runOnlyForDeploymentPostprocessing = 0;
		};
		E6326A421AB8D0A0002BEBF2 /* Frameworks */ = {
			isa = PBXFrameworksBuildPhase;
			buildActionMask = 2147483647;
			files = (
			);
			runOnlyForDeploymentPostprocessing = 0;
		};
/* End PBXFrameworksBuildPhase section */

/* Begin PBXGroup section */
		E6326A271AB8D0A0002BEBF2 = {
			isa = PBXGroup;
			children = (
				E6326A321AB8D0A0002BEBF2 /* FuzzyLogic */,
				E6326A481AB8D0A0002BEBF2 /* FuzzyLogicTests */,
				E6326A311AB8D0A0002BEBF2 /* Products */,
			);
			sourceTree = "<group>";
		};
		E6326A311AB8D0A0002BEBF2 /* Products */ = {
			isa = PBXGroup;
			children = (
				E6326A301AB8D0A0002BEBF2 /* FuzzyLogic.app */,
				E6326A451AB8D0A0002BEBF2 /* FuzzyLogicTests.xctest */,
			);
			name = Products;
			sourceTree = "<group>";
		};
		E6326A321AB8D0A0002BEBF2 /* FuzzyLogic */ = {
			isa = PBXGroup;
			children = (
				E6326A5C1AB8D42E002BEBF2 /* External */,
				E6326A351AB8D0A0002BEBF2 /* AppDelegate.swift */,
				E6326A371AB8D0A0002BEBF2 /* ViewController.swift */,
				E6326B6B1AB8DA5B002BEBF2 /* Model */,
				E6326A391AB8D0A0002BEBF2 /* Main.storyboard */,
				E6326A3C1AB8D0A0002BEBF2 /* Images.xcassets */,
				E6326A3E1AB8D0A0002BEBF2 /* LaunchScreen.xib */,
				E6326A331AB8D0A0002BEBF2 /* Supporting Files */,
				E6326B571AB8D880002BEBF2 /* Frameworks */,
			);
			path = FuzzyLogic;
			sourceTree = "<group>";
		};
		E6326A331AB8D0A0002BEBF2 /* Supporting Files */ = {
			isa = PBXGroup;
			children = (
				E6326B671AB8D94E002BEBF2 /* FuzzyLogic-BridgingHeader.h */,
				E6326A341AB8D0A0002BEBF2 /* Info.plist */,
			);
			name = "Supporting Files";
			sourceTree = "<group>";
		};
		E6326A481AB8D0A0002BEBF2 /* FuzzyLogicTests */ = {
			isa = PBXGroup;
			children = (
				E6326A4B1AB8D0A0002BEBF2 /* FuzzyLogicTests.swift */,
				E6326A491AB8D0A0002BEBF2 /* Supporting Files */,
			);
			path = FuzzyLogicTests;
			sourceTree = "<group>";
		};
		E6326A491AB8D0A0002BEBF2 /* Supporting Files */ = {
			isa = PBXGroup;
			children = (
				E6326A4A1AB8D0A0002BEBF2 /* Info.plist */,
			);
			name = "Supporting Files";
			sourceTree = "<group>";
		};
		E6326A551AB8D42A002BEBF2 /* FSLineChart */ = {
			isa = PBXGroup;
			children = (
				E6326A561AB8D42A002BEBF2 /* FSLineChart.h */,
				E6326A571AB8D42A002BEBF2 /* FSLineChart.m */,
				E6326A581AB8D42A002BEBF2 /* UIColor+FSPalette.h */,
				E6326A591AB8D42A002BEBF2 /* UIColor+FSPalette.m */,
			);
			name = FSLineChart;
			path = submodules/FSLineChart/FSLineChart/FSLineChart;
			sourceTree = SOURCE_ROOT;
		};
		E6326A5C1AB8D42E002BEBF2 /* External */ = {
			isa = PBXGroup;
			children = (
				E6326B581AB8D8E7002BEBF2 /* PureFutures.xcodeproj */,
				E6326A5D1AB8D7DA002BEBF2 /* YapDatabase */,
				E6326A551AB8D42A002BEBF2 /* FSLineChart */,
			);
			name = External;
			sourceTree = "<group>";
		};
		E6326A5D1AB8D7DA002BEBF2 /* YapDatabase */ = {
			isa = PBXGroup;
			children = (
				E6326B2F1AB8D7F1002BEBF2 /* CocoaLumberjack */,
				E6326A5E1AB8D7DA002BEBF2 /* Extensions */,
				E6326AC91AB8D7DA002BEBF2 /* Internal */,
				E6326AE01AB8D7DA002BEBF2 /* LICENSE.txt */,
				E6326AE11AB8D7DA002BEBF2 /* Utilities */,
				E6326AEC1AB8D7DA002BEBF2 /* YapDatabase.h */,
				E6326AED1AB8D7DA002BEBF2 /* YapDatabase.m */,
				E6326AEE1AB8D7DA002BEBF2 /* YapDatabaseConnection.h */,
				E6326AEF1AB8D7DA002BEBF2 /* YapDatabaseConnection.m */,
				E6326AF01AB8D7DA002BEBF2 /* YapDatabaseOptions.h */,
				E6326AF11AB8D7DA002BEBF2 /* YapDatabaseOptions.m */,
				E6326AF21AB8D7DA002BEBF2 /* YapDatabaseTransaction.h */,
				E6326AF31AB8D7DA002BEBF2 /* YapDatabaseTransaction.m */,
			);
			name = YapDatabase;
			path = submodules/YapDatabase/YapDatabase;
			sourceTree = SOURCE_ROOT;
		};
		E6326A5E1AB8D7DA002BEBF2 /* Extensions */ = {
			isa = PBXGroup;
			children = (
				E6326A5F1AB8D7DA002BEBF2 /* FilteredViews */,
				E6326A6A1AB8D7DA002BEBF2 /* FullTextSearch */,
				E6326A771AB8D7DA002BEBF2 /* Protocol */,
				E6326A801AB8D7DA002BEBF2 /* Relationships */,
				E6326A8F1AB8D7DA002BEBF2 /* SearchResults */,
				E6326A9D1AB8D7DA002BEBF2 /* SecondaryIndex */,
				E6326AAC1AB8D7DA002BEBF2 /* Views */,
			);
			path = Extensions;
			sourceTree = "<group>";
		};
		E6326A5F1AB8D7DA002BEBF2 /* FilteredViews */ = {
			isa = PBXGroup;
			children = (
				E6326A601AB8D7DA002BEBF2 /* Internal */,
				E6326A621AB8D7DA002BEBF2 /* YapDatabaseFilteredView.h */,
				E6326A631AB8D7DA002BEBF2 /* YapDatabaseFilteredView.m */,
				E6326A641AB8D7DA002BEBF2 /* YapDatabaseFilteredViewConnection.h */,
				E6326A651AB8D7DA002BEBF2 /* YapDatabaseFilteredViewConnection.m */,
				E6326A661AB8D7DA002BEBF2 /* YapDatabaseFilteredViewTransaction.h */,
				E6326A671AB8D7DA002BEBF2 /* YapDatabaseFilteredViewTransaction.m */,
				E6326A681AB8D7DA002BEBF2 /* YapDatabaseFilteredViewTypes.h */,
				E6326A691AB8D7DA002BEBF2 /* YapDatabaseFilteredViewTypes.m */,
			);
			path = FilteredViews;
			sourceTree = "<group>";
		};
		E6326A601AB8D7DA002BEBF2 /* Internal */ = {
			isa = PBXGroup;
			children = (
				E6326A611AB8D7DA002BEBF2 /* YapDatabaseFilteredViewPrivate.h */,
			);
			path = Internal;
			sourceTree = "<group>";
		};
		E6326A6A1AB8D7DA002BEBF2 /* FullTextSearch */ = {
			isa = PBXGroup;
			children = (
				E6326A6B1AB8D7DA002BEBF2 /* Internal */,
				E6326A6D1AB8D7DA002BEBF2 /* YapDatabaseFullTextSearch.h */,
				E6326A6E1AB8D7DA002BEBF2 /* YapDatabaseFullTextSearch.m */,
				E6326A6F1AB8D7DA002BEBF2 /* YapDatabaseFullTextSearchConnection.h */,
				E6326A701AB8D7DA002BEBF2 /* YapDatabaseFullTextSearchConnection.m */,
				E6326A711AB8D7DA002BEBF2 /* YapDatabaseFullTextSearchHandler.h */,
				E6326A721AB8D7DA002BEBF2 /* YapDatabaseFullTextSearchHandler.m */,
				E6326A731AB8D7DA002BEBF2 /* YapDatabaseFullTextSearchSnippetOptions.h */,
				E6326A741AB8D7DA002BEBF2 /* YapDatabaseFullTextSearchSnippetOptions.m */,
				E6326A751AB8D7DA002BEBF2 /* YapDatabaseFullTextSearchTransaction.h */,
				E6326A761AB8D7DA002BEBF2 /* YapDatabaseFullTextSearchTransaction.m */,
			);
			path = FullTextSearch;
			sourceTree = "<group>";
		};
		E6326A6B1AB8D7DA002BEBF2 /* Internal */ = {
			isa = PBXGroup;
			children = (
				E6326A6C1AB8D7DA002BEBF2 /* YapDatabaseFullTextSearchPrivate.h */,
			);
			path = Internal;
			sourceTree = "<group>";
		};
		E6326A771AB8D7DA002BEBF2 /* Protocol */ = {
			isa = PBXGroup;
			children = (
				E6326A781AB8D7DA002BEBF2 /* Internal */,
				E6326A7A1AB8D7DA002BEBF2 /* YapDatabaseExtension.h */,
				E6326A7B1AB8D7DA002BEBF2 /* YapDatabaseExtension.m */,
				E6326A7C1AB8D7DA002BEBF2 /* YapDatabaseExtensionConnection.h */,
				E6326A7D1AB8D7DA002BEBF2 /* YapDatabaseExtensionConnection.m */,
				E6326A7E1AB8D7DA002BEBF2 /* YapDatabaseExtensionTransaction.h */,
				E6326A7F1AB8D7DA002BEBF2 /* YapDatabaseExtensionTransaction.m */,
			);
			path = Protocol;
			sourceTree = "<group>";
		};
		E6326A781AB8D7DA002BEBF2 /* Internal */ = {
			isa = PBXGroup;
			children = (
				E6326A791AB8D7DA002BEBF2 /* YapDatabaseExtensionPrivate.h */,
			);
			path = Internal;
			sourceTree = "<group>";
		};
		E6326A801AB8D7DA002BEBF2 /* Relationships */ = {
			isa = PBXGroup;
			children = (
				E6326A811AB8D7DA002BEBF2 /* Internal */,
				E6326A841AB8D7DA002BEBF2 /* YapDatabaseRelationship.h */,
				E6326A851AB8D7DA002BEBF2 /* YapDatabaseRelationship.m */,
				E6326A861AB8D7DA002BEBF2 /* YapDatabaseRelationshipConnection.h */,
				E6326A871AB8D7DA002BEBF2 /* YapDatabaseRelationshipConnection.m */,
				E6326A881AB8D7DA002BEBF2 /* YapDatabaseRelationshipEdge.h */,
				E6326A891AB8D7DA002BEBF2 /* YapDatabaseRelationshipEdge.m */,
				E6326A8A1AB8D7DA002BEBF2 /* YapDatabaseRelationshipNode.h */,
				E6326A8B1AB8D7DA002BEBF2 /* YapDatabaseRelationshipOptions.h */,
				E6326A8C1AB8D7DA002BEBF2 /* YapDatabaseRelationshipOptions.m */,
				E6326A8D1AB8D7DA002BEBF2 /* YapDatabaseRelationshipTransaction.h */,
				E6326A8E1AB8D7DA002BEBF2 /* YapDatabaseRelationshipTransaction.m */,
			);
			path = Relationships;
			sourceTree = "<group>";
		};
		E6326A811AB8D7DA002BEBF2 /* Internal */ = {
			isa = PBXGroup;
			children = (
				E6326A821AB8D7DA002BEBF2 /* YapDatabaseRelationshipEdgePrivate.h */,
				E6326A831AB8D7DA002BEBF2 /* YapDatabaseRelationshipPrivate.h */,
			);
			path = Internal;
			sourceTree = "<group>";
		};
		E6326A8F1AB8D7DA002BEBF2 /* SearchResults */ = {
			isa = PBXGroup;
			children = (
				E6326A901AB8D7DA002BEBF2 /* Internal */,
				E6326A921AB8D7DA002BEBF2 /* YapDatabaseSearchQueue.h */,
				E6326A931AB8D7DA002BEBF2 /* YapDatabaseSearchQueue.m */,
				E6326A941AB8D7DA002BEBF2 /* YapDatabaseSearchQueuePrivate.h */,
				E6326A951AB8D7DA002BEBF2 /* YapDatabaseSearchResultsView.h */,
				E6326A961AB8D7DA002BEBF2 /* YapDatabaseSearchResultsView.m */,
				E6326A971AB8D7DA002BEBF2 /* YapDatabaseSearchResultsViewConnection.h */,
				E6326A981AB8D7DA002BEBF2 /* YapDatabaseSearchResultsViewConnection.m */,
				E6326A991AB8D7DA002BEBF2 /* YapDatabaseSearchResultsViewOptions.h */,
				E6326A9A1AB8D7DA002BEBF2 /* YapDatabaseSearchResultsViewOptions.m */,
				E6326A9B1AB8D7DA002BEBF2 /* YapDatabaseSearchResultsViewTransaction.h */,
				E6326A9C1AB8D7DA002BEBF2 /* YapDatabaseSearchResultsViewTransaction.m */,
			);
			path = SearchResults;
			sourceTree = "<group>";
		};
		E6326A901AB8D7DA002BEBF2 /* Internal */ = {
			isa = PBXGroup;
			children = (
				E6326A911AB8D7DA002BEBF2 /* YapDatabaseSearchResultsViewPrivate.h */,
			);
			path = Internal;
			sourceTree = "<group>";
		};
		E6326A9D1AB8D7DA002BEBF2 /* SecondaryIndex */ = {
			isa = PBXGroup;
			children = (
				E6326A9E1AB8D7DA002BEBF2 /* Internal */,
				E6326AA01AB8D7DA002BEBF2 /* YapDatabaseSecondaryIndex.h */,
				E6326AA11AB8D7DA002BEBF2 /* YapDatabaseSecondaryIndex.m */,
				E6326AA21AB8D7DA002BEBF2 /* YapDatabaseSecondaryIndexConnection.h */,
				E6326AA31AB8D7DA002BEBF2 /* YapDatabaseSecondaryIndexConnection.m */,
				E6326AA41AB8D7DA002BEBF2 /* YapDatabaseSecondaryIndexHandler.h */,
				E6326AA51AB8D7DA002BEBF2 /* YapDatabaseSecondaryIndexHandler.m */,
				E6326AA61AB8D7DA002BEBF2 /* YapDatabaseSecondaryIndexOptions.h */,
				E6326AA71AB8D7DA002BEBF2 /* YapDatabaseSecondaryIndexOptions.m */,
				E6326AA81AB8D7DA002BEBF2 /* YapDatabaseSecondaryIndexSetup.h */,
				E6326AA91AB8D7DA002BEBF2 /* YapDatabaseSecondaryIndexSetup.m */,
				E6326AAA1AB8D7DA002BEBF2 /* YapDatabaseSecondaryIndexTransaction.h */,
				E6326AAB1AB8D7DA002BEBF2 /* YapDatabaseSecondaryIndexTransaction.m */,
			);
			path = SecondaryIndex;
			sourceTree = "<group>";
		};
		E6326A9E1AB8D7DA002BEBF2 /* Internal */ = {
			isa = PBXGroup;
			children = (
				E6326A9F1AB8D7DA002BEBF2 /* YapDatabaseSecondaryIndexPrivate.h */,
			);
			path = Internal;
			sourceTree = "<group>";
		};
		E6326AAC1AB8D7DA002BEBF2 /* Views */ = {
			isa = PBXGroup;
			children = (
				E6326AAD1AB8D7DA002BEBF2 /* Internal */,
				E6326AB81AB8D7DA002BEBF2 /* Utilities */,
				E6326ABF1AB8D7DA002BEBF2 /* YapDatabaseView.h */,
				E6326AC01AB8D7DA002BEBF2 /* YapDatabaseView.m */,
				E6326AC11AB8D7DA002BEBF2 /* YapDatabaseViewConnection.h */,
				E6326AC21AB8D7DA002BEBF2 /* YapDatabaseViewConnection.m */,
				E6326AC31AB8D7DA002BEBF2 /* YapDatabaseViewOptions.h */,
				E6326AC41AB8D7DA002BEBF2 /* YapDatabaseViewOptions.m */,
				E6326AC51AB8D7DA002BEBF2 /* YapDatabaseViewTransaction.h */,
				E6326AC61AB8D7DA002BEBF2 /* YapDatabaseViewTransaction.m */,
				E6326AC71AB8D7DA002BEBF2 /* YapDatabaseViewTypes.h */,
				E6326AC81AB8D7DA002BEBF2 /* YapDatabaseViewTypes.m */,
			);
			path = Views;
			sourceTree = "<group>";
		};
		E6326AAD1AB8D7DA002BEBF2 /* Internal */ = {
			isa = PBXGroup;
			children = (
				E6326AAE1AB8D7DA002BEBF2 /* YapDatabaseViewChangePrivate.h */,
				E6326AAF1AB8D7DA002BEBF2 /* YapDatabaseViewMappingsPrivate.h */,
				E6326AB01AB8D7DA002BEBF2 /* YapDatabaseViewPage.h */,
				E6326AB11AB8D7DA002BEBF2 /* YapDatabaseViewPage.mm */,
				E6326AB21AB8D7DA002BEBF2 /* YapDatabaseViewPageMetadata.h */,
				E6326AB31AB8D7DA002BEBF2 /* YapDatabaseViewPageMetadata.m */,
				E6326AB41AB8D7DA002BEBF2 /* YapDatabaseViewPrivate.h */,
				E6326AB51AB8D7DA002BEBF2 /* YapDatabaseViewRangeOptionsPrivate.h */,
				E6326AB61AB8D7DA002BEBF2 /* YapDatabaseViewState.h */,
				E6326AB71AB8D7DA002BEBF2 /* YapDatabaseViewState.m */,
			);
			path = Internal;
			sourceTree = "<group>";
		};
		E6326AB81AB8D7DA002BEBF2 /* Utilities */ = {
			isa = PBXGroup;
			children = (
				E6326AB91AB8D7DA002BEBF2 /* YapDatabaseViewChange.h */,
				E6326ABA1AB8D7DA002BEBF2 /* YapDatabaseViewChange.m */,
				E6326ABB1AB8D7DA002BEBF2 /* YapDatabaseViewMappings.h */,
				E6326ABC1AB8D7DA002BEBF2 /* YapDatabaseViewMappings.m */,
				E6326ABD1AB8D7DA002BEBF2 /* YapDatabaseViewRangeOptions.h */,
				E6326ABE1AB8D7DA002BEBF2 /* YapDatabaseViewRangeOptions.m */,
			);
			path = Utilities;
			sourceTree = "<group>";
		};
		E6326AC91AB8D7DA002BEBF2 /* Internal */ = {
			isa = PBXGroup;
			children = (
				E6326ACA1AB8D7DA002BEBF2 /* NSDictionary+YapDatabase.h */,
				E6326ACB1AB8D7DA002BEBF2 /* NSDictionary+YapDatabase.m */,
				E6326ACC1AB8D7DA002BEBF2 /* YapDatabaseConnectionDefaults.h */,
				E6326ACD1AB8D7DA002BEBF2 /* YapDatabaseConnectionDefaults.m */,
				E6326ACE1AB8D7DA002BEBF2 /* YapDatabaseConnectionState.h */,
				E6326ACF1AB8D7DA002BEBF2 /* YapDatabaseConnectionState.m */,
				E6326AD01AB8D7DA002BEBF2 /* YapDatabaseLogging.h */,
				E6326AD11AB8D7DA002BEBF2 /* YapDatabaseLogging.m */,
				E6326AD21AB8D7DA002BEBF2 /* YapDatabaseManager.h */,
				E6326AD31AB8D7DA002BEBF2 /* YapDatabaseManager.m */,
				E6326AD41AB8D7DA002BEBF2 /* YapDatabasePrivate.h */,
				E6326AD51AB8D7DA002BEBF2 /* YapDatabaseStatement.h */,
				E6326AD61AB8D7DA002BEBF2 /* YapDatabaseStatement.m */,
				E6326AD71AB8D7DA002BEBF2 /* YapDatabaseString.h */,
				E6326AD81AB8D7DA002BEBF2 /* YapMemoryTable.h */,
				E6326AD91AB8D7DA002BEBF2 /* YapMemoryTable.m */,
				E6326ADA1AB8D7DA002BEBF2 /* YapNull.h */,
				E6326ADB1AB8D7DA002BEBF2 /* YapNull.m */,
				E6326ADC1AB8D7DA002BEBF2 /* YapRowidSet.h */,
				E6326ADD1AB8D7DA002BEBF2 /* YapRowidSet.mm */,
				E6326ADE1AB8D7DA002BEBF2 /* YapTouch.h */,
				E6326ADF1AB8D7DA002BEBF2 /* YapTouch.m */,
			);
			path = Internal;
			sourceTree = "<group>";
		};
		E6326AE11AB8D7DA002BEBF2 /* Utilities */ = {
			isa = PBXGroup;
			children = (
				E6326AE21AB8D7DA002BEBF2 /* YapCache.h */,
				E6326AE31AB8D7DA002BEBF2 /* YapCache.m */,
				E6326AE41AB8D7DA002BEBF2 /* YapCollectionKey.h */,
				E6326AE51AB8D7DA002BEBF2 /* YapCollectionKey.m */,
				E6326AE61AB8D7DA002BEBF2 /* YapDatabaseQuery.h */,
				E6326AE71AB8D7DA002BEBF2 /* YapDatabaseQuery.m */,
				E6326AE81AB8D7DA002BEBF2 /* YapSet.h */,
				E6326AE91AB8D7DA002BEBF2 /* YapSet.m */,
				E6326AEA1AB8D7DA002BEBF2 /* YapWhitelistBlacklist.h */,
				E6326AEB1AB8D7DA002BEBF2 /* YapWhitelistBlacklist.m */,
			);
			path = Utilities;
			sourceTree = "<group>";
		};
		E6326B2F1AB8D7F1002BEBF2 /* CocoaLumberjack */ = {
			isa = PBXGroup;
			children = (
				E6326B301AB8D7F1002BEBF2 /* CLI */,
				E6326B331AB8D7F1002BEBF2 /* DDAbstractDatabaseLogger.h */,
				E6326B341AB8D7F1002BEBF2 /* DDAbstractDatabaseLogger.m */,
				E6326B351AB8D7F1002BEBF2 /* DDASLLogCapture.h */,
				E6326B361AB8D7F1002BEBF2 /* DDASLLogCapture.m */,
				E6326B371AB8D7F1002BEBF2 /* DDASLLogger.h */,
				E6326B381AB8D7F1002BEBF2 /* DDASLLogger.m */,
				E6326B391AB8D7F1002BEBF2 /* DDFileLogger.h */,
				E6326B3A1AB8D7F1002BEBF2 /* DDFileLogger.m */,
				E6326B3B1AB8D7F1002BEBF2 /* DDLog+LOGV.h */,
				E6326B3C1AB8D7F1002BEBF2 /* DDLog.h */,
				E6326B3D1AB8D7F1002BEBF2 /* DDLog.m */,
				E6326B3E1AB8D7F1002BEBF2 /* DDTTYLogger.h */,
				E6326B3F1AB8D7F1002BEBF2 /* DDTTYLogger.m */,
				E6326B401AB8D7F1002BEBF2 /* Extensions */,
				E6326B481AB8D7F1002BEBF2 /* LICENSE.txt */,
			);
			name = CocoaLumberjack;
			path = submodules/YapDatabase/Vendor/CocoaLumberjack;
			sourceTree = SOURCE_ROOT;
		};
		E6326B301AB8D7F1002BEBF2 /* CLI */ = {
			isa = PBXGroup;
			children = (
				E6326B311AB8D7F1002BEBF2 /* CLIColor.h */,
				E6326B321AB8D7F1002BEBF2 /* CLIColor.m */,
			);
			path = CLI;
			sourceTree = "<group>";
		};
		E6326B401AB8D7F1002BEBF2 /* Extensions */ = {
			isa = PBXGroup;
			children = (
				E6326B411AB8D7F1002BEBF2 /* DDContextFilterLogFormatter.h */,
				E6326B421AB8D7F1002BEBF2 /* DDContextFilterLogFormatter.m */,
				E6326B431AB8D7F1002BEBF2 /* DDDispatchQueueLogFormatter.h */,
				E6326B441AB8D7F1002BEBF2 /* DDDispatchQueueLogFormatter.m */,
				E6326B451AB8D7F1002BEBF2 /* DDMultiFormatter.h */,
				E6326B461AB8D7F1002BEBF2 /* DDMultiFormatter.m */,
				E6326B471AB8D7F1002BEBF2 /* README.txt */,
			);
			path = Extensions;
			sourceTree = "<group>";
		};
		E6326B571AB8D880002BEBF2 /* Frameworks */ = {
			isa = PBXGroup;
			children = (
				E6326B551AB8D870002BEBF2 /* libsqlite3.dylib */,
			);
			name = Frameworks;
			path = ..;
			sourceTree = "<group>";
		};
		E6326B591AB8D8E7002BEBF2 /* Products */ = {
			isa = PBXGroup;
			children = (
				E6326B5E1AB8D8E7002BEBF2 /* PureFutures.framework */,
				E6326B601AB8D8E7002BEBF2 /* PureFuturesTests.xctest */,
			);
			name = Products;
			sourceTree = "<group>";
		};
		E6326B6B1AB8DA5B002BEBF2 /* Model */ = {
			isa = PBXGroup;
			children = (
				E6326B6C1AB8DA69002BEBF2 /* Student.swift */,
				E6326B691AB8DA41002BEBF2 /* StudentsManager.swift */,
			);
			name = Model;
			sourceTree = "<group>";
		};
/* End PBXGroup section */

/* Begin PBXNativeTarget section */
		E6326A2F1AB8D0A0002BEBF2 /* FuzzyLogic */ = {
			isa = PBXNativeTarget;
			buildConfigurationList = E6326A4F1AB8D0A0002BEBF2 /* Build configuration list for PBXNativeTarget "FuzzyLogic" */;
			buildPhases = (
				E6326A2C1AB8D0A0002BEBF2 /* Sources */,
				E6326A2D1AB8D0A0002BEBF2 /* Frameworks */,
				E6326A2E1AB8D0A0002BEBF2 /* Resources */,
			);
			buildRules = (
			);
			dependencies = (
				E6326B621AB8D8F1002BEBF2 /* PBXTargetDependency */,
			);
			name = FuzzyLogic;
			productName = FuzzyLogic;
			productReference = E6326A301AB8D0A0002BEBF2 /* FuzzyLogic.app */;
			productType = "com.apple.product-type.application";
		};
		E6326A441AB8D0A0002BEBF2 /* FuzzyLogicTests */ = {
			isa = PBXNativeTarget;
			buildConfigurationList = E6326A521AB8D0A0002BEBF2 /* Build configuration list for PBXNativeTarget "FuzzyLogicTests" */;
			buildPhases = (
				E6326A411AB8D0A0002BEBF2 /* Sources */,
				E6326A421AB8D0A0002BEBF2 /* Frameworks */,
				E6326A431AB8D0A0002BEBF2 /* Resources */,
			);
			buildRules = (
			);
			dependencies = (
				E6326A471AB8D0A0002BEBF2 /* PBXTargetDependency */,
			);
			name = FuzzyLogicTests;
			productName = FuzzyLogicTests;
			productReference = E6326A451AB8D0A0002BEBF2 /* FuzzyLogicTests.xctest */;
			productType = "com.apple.product-type.bundle.unit-test";
		};
/* End PBXNativeTarget section */

/* Begin PBXProject section */
		E6326A281AB8D0A0002BEBF2 /* Project object */ = {
			isa = PBXProject;
			attributes = {
				LastUpgradeCheck = 0620;
				ORGANIZATIONNAME = "Victor Shamanov";
				TargetAttributes = {
					E6326A2F1AB8D0A0002BEBF2 = {
						CreatedOnToolsVersion = 6.2;
					};
					E6326A441AB8D0A0002BEBF2 = {
						CreatedOnToolsVersion = 6.2;
						TestTargetID = E6326A2F1AB8D0A0002BEBF2;
					};
				};
			};
			buildConfigurationList = E6326A2B1AB8D0A0002BEBF2 /* Build configuration list for PBXProject "FuzzyLogic" */;
			compatibilityVersion = "Xcode 3.2";
			developmentRegion = English;
			hasScannedForEncodings = 0;
			knownRegions = (
				en,
				Base,
			);
			mainGroup = E6326A271AB8D0A0002BEBF2;
			productRefGroup = E6326A311AB8D0A0002BEBF2 /* Products */;
			projectDirPath = "";
			projectReferences = (
				{
					ProductGroup = E6326B591AB8D8E7002BEBF2 /* Products */;
					ProjectRef = E6326B581AB8D8E7002BEBF2 /* PureFutures.xcodeproj */;
				},
			);
			projectRoot = "";
			targets = (
				E6326A2F1AB8D0A0002BEBF2 /* FuzzyLogic */,
				E6326A441AB8D0A0002BEBF2 /* FuzzyLogicTests */,
			);
		};
/* End PBXProject section */

/* Begin PBXReferenceProxy section */
		E6326B5E1AB8D8E7002BEBF2 /* PureFutures.framework */ = {
			isa = PBXReferenceProxy;
			fileType = wrapper.framework;
			path = PureFutures.framework;
			remoteRef = E6326B5D1AB8D8E7002BEBF2 /* PBXContainerItemProxy */;
			sourceTree = BUILT_PRODUCTS_DIR;
		};
		E6326B601AB8D8E7002BEBF2 /* PureFuturesTests.xctest */ = {
			isa = PBXReferenceProxy;
			fileType = wrapper.cfbundle;
			path = PureFuturesTests.xctest;
			remoteRef = E6326B5F1AB8D8E7002BEBF2 /* PBXContainerItemProxy */;
			sourceTree = BUILT_PRODUCTS_DIR;
		};
/* End PBXReferenceProxy section */

/* Begin PBXResourcesBuildPhase section */
		E6326A2E1AB8D0A0002BEBF2 /* Resources */ = {
			isa = PBXResourcesBuildPhase;
			buildActionMask = 2147483647;
			files = (
				E6326B541AB8D7F1002BEBF2 /* LICENSE.txt in Resources */,
				E6326B251AB8D7DA002BEBF2 /* LICENSE.txt in Resources */,
				E6326A3B1AB8D0A0002BEBF2 /* Main.storyboard in Resources */,
				E6326A401AB8D0A0002BEBF2 /* LaunchScreen.xib in Resources */,
				E6326A3D1AB8D0A0002BEBF2 /* Images.xcassets in Resources */,
				E6326B531AB8D7F1002BEBF2 /* README.txt in Resources */,
			);
			runOnlyForDeploymentPostprocessing = 0;
		};
		E6326A431AB8D0A0002BEBF2 /* Resources */ = {
			isa = PBXResourcesBuildPhase;
			buildActionMask = 2147483647;
			files = (
			);
			runOnlyForDeploymentPostprocessing = 0;
		};
/* End PBXResourcesBuildPhase section */

/* Begin PBXSourcesBuildPhase section */
		E6326A2C1AB8D0A0002BEBF2 /* Sources */ = {
			isa = PBXSourcesBuildPhase;
			buildActionMask = 2147483647;
			files = (
				E6326B021AB8D7DA002BEBF2 /* YapDatabaseRelationshipEdge.m in Sources */,
				E6326B1D1AB8D7DA002BEBF2 /* YapDatabaseConnectionState.m in Sources */,
				E6326B1A1AB8D7DA002BEBF2 /* YapDatabaseViewTypes.m in Sources */,
				E6326B051AB8D7DA002BEBF2 /* YapDatabaseSearchQueue.m in Sources */,
				E6326B131AB8D7DA002BEBF2 /* YapDatabaseViewChange.m in Sources */,
				E6326B121AB8D7DA002BEBF2 /* YapDatabaseViewState.m in Sources */,
				E6326AFE1AB8D7DA002BEBF2 /* YapDatabaseExtensionConnection.m in Sources */,
				E6326A381AB8D0A0002BEBF2 /* ViewController.swift in Sources */,
				E6326A361AB8D0A0002BEBF2 /* AppDelegate.swift in Sources */,
				E6326B1F1AB8D7DA002BEBF2 /* YapDatabaseManager.m in Sources */,
				E6326B031AB8D7DA002BEBF2 /* YapDatabaseRelationshipOptions.m in Sources */,
				E6326B0F1AB8D7DA002BEBF2 /* YapDatabaseSecondaryIndexTransaction.m in Sources */,
				E6326B1B1AB8D7DA002BEBF2 /* NSDictionary+YapDatabase.m in Sources */,
				E6326B151AB8D7DA002BEBF2 /* YapDatabaseViewRangeOptions.m in Sources */,
				E6326B4C1AB8D7F1002BEBF2 /* DDASLLogger.m in Sources */,
				E6326B291AB8D7DA002BEBF2 /* YapSet.m in Sources */,
				E6326AFC1AB8D7DA002BEBF2 /* YapDatabaseFullTextSearchTransaction.m in Sources */,
				E6326B041AB8D7DA002BEBF2 /* YapDatabaseRelationshipTransaction.m in Sources */,
				E6326B0D1AB8D7DA002BEBF2 /* YapDatabaseSecondaryIndexOptions.m in Sources */,
				E6326B6D1AB8DA69002BEBF2 /* Student.swift in Sources */,
				E6326B191AB8D7DA002BEBF2 /* YapDatabaseViewTransaction.m in Sources */,
				E6326B081AB8D7DA002BEBF2 /* YapDatabaseSearchResultsViewOptions.m in Sources */,
				E6326B181AB8D7DA002BEBF2 /* YapDatabaseViewOptions.m in Sources */,
				E6326AFA1AB8D7DA002BEBF2 /* YapDatabaseFullTextSearchHandler.m in Sources */,
				E6326AF81AB8D7DA002BEBF2 /* YapDatabaseFullTextSearch.m in Sources */,
				E6326B221AB8D7DA002BEBF2 /* YapNull.m in Sources */,
				E6326B171AB8D7DA002BEBF2 /* YapDatabaseViewConnection.m in Sources */,
				E6326B2C1AB8D7DA002BEBF2 /* YapDatabaseConnection.m in Sources */,
				E6326AFB1AB8D7DA002BEBF2 /* YapDatabaseFullTextSearchSnippetOptions.m in Sources */,
				E6326B201AB8D7DA002BEBF2 /* YapDatabaseStatement.m in Sources */,
				E6326B0C1AB8D7DA002BEBF2 /* YapDatabaseSecondaryIndexHandler.m in Sources */,
				E6326B511AB8D7F1002BEBF2 /* DDDispatchQueueLogFormatter.m in Sources */,
				E6326AF91AB8D7DA002BEBF2 /* YapDatabaseFullTextSearchConnection.m in Sources */,
				E6326B111AB8D7DA002BEBF2 /* YapDatabaseViewPageMetadata.m in Sources */,
				E6326A5B1AB8D42A002BEBF2 /* UIColor+FSPalette.m in Sources */,
				E6326B2D1AB8D7DA002BEBF2 /* YapDatabaseOptions.m in Sources */,
				E6326B001AB8D7DA002BEBF2 /* YapDatabaseRelationship.m in Sources */,
				E6326AF41AB8D7DA002BEBF2 /* YapDatabaseFilteredView.m in Sources */,
				E6326B2B1AB8D7DA002BEBF2 /* YapDatabase.m in Sources */,
				E6326B0E1AB8D7DA002BEBF2 /* YapDatabaseSecondaryIndexSetup.m in Sources */,
				E6326B231AB8D7DA002BEBF2 /* YapRowidSet.mm in Sources */,
				E6326B4A1AB8D7F1002BEBF2 /* DDAbstractDatabaseLogger.m in Sources */,
				E6326B4E1AB8D7F1002BEBF2 /* DDLog.m in Sources */,
				E6326B101AB8D7DA002BEBF2 /* YapDatabaseViewPage.mm in Sources */,
				E6326B0A1AB8D7DA002BEBF2 /* YapDatabaseSecondaryIndex.m in Sources */,
				E6326AFF1AB8D7DA002BEBF2 /* YapDatabaseExtensionTransaction.m in Sources */,
				E6326B2A1AB8D7DA002BEBF2 /* YapWhitelistBlacklist.m in Sources */,
				E6326B271AB8D7DA002BEBF2 /* YapCollectionKey.m in Sources */,
				E6326A5A1AB8D42A002BEBF2 /* FSLineChart.m in Sources */,
				E6326B0B1AB8D7DA002BEBF2 /* YapDatabaseSecondaryIndexConnection.m in Sources */,
				E6326B261AB8D7DA002BEBF2 /* YapCache.m in Sources */,
				E6326B161AB8D7DA002BEBF2 /* YapDatabaseView.m in Sources */,
				E6326B281AB8D7DA002BEBF2 /* YapDatabaseQuery.m in Sources */,
				E6326B4B1AB8D7F1002BEBF2 /* DDASLLogCapture.m in Sources */,
				E6326B141AB8D7DA002BEBF2 /* YapDatabaseViewMappings.m in Sources */,
				E6326B4D1AB8D7F1002BEBF2 /* DDFileLogger.m in Sources */,
				E6326B4F1AB8D7F1002BEBF2 /* DDTTYLogger.m in Sources */,
				E6326B011AB8D7DA002BEBF2 /* YapDatabaseRelationshipConnection.m in Sources */,
				E6326B6A1AB8DA41002BEBF2 /* StudentsManager.swift in Sources */,
				E6326B241AB8D7DA002BEBF2 /* YapTouch.m in Sources */,
				E6326B061AB8D7DA002BEBF2 /* YapDatabaseSearchResultsView.m in Sources */,
				E6326AF51AB8D7DA002BEBF2 /* YapDatabaseFilteredViewConnection.m in Sources */,
				E6326B521AB8D7F1002BEBF2 /* DDMultiFormatter.m in Sources */,
				E6326B491AB8D7F1002BEBF2 /* CLIColor.m in Sources */,
				E6326B1E1AB8D7DA002BEBF2 /* YapDatabaseLogging.m in Sources */,
				E6326B2E1AB8D7DA002BEBF2 /* YapDatabaseTransaction.m in Sources */,
				E6326AFD1AB8D7DA002BEBF2 /* YapDatabaseExtension.m in Sources */,
				E6326B071AB8D7DA002BEBF2 /* YapDatabaseSearchResultsViewConnection.m in Sources */,
				E6326AF61AB8D7DA002BEBF2 /* YapDatabaseFilteredViewTransaction.m in Sources */,
				E6326B501AB8D7F1002BEBF2 /* DDContextFilterLogFormatter.m in Sources */,
				E6326B091AB8D7DA002BEBF2 /* YapDatabaseSearchResultsViewTransaction.m in Sources */,
				E6326AF71AB8D7DA002BEBF2 /* YapDatabaseFilteredViewTypes.m in Sources */,
				E6326B211AB8D7DA002BEBF2 /* YapMemoryTable.m in Sources */,
				E6326B1C1AB8D7DA002BEBF2 /* YapDatabaseConnectionDefaults.m in Sources */,
			);
			runOnlyForDeploymentPostprocessing = 0;
		};
		E6326A411AB8D0A0002BEBF2 /* Sources */ = {
			isa = PBXSourcesBuildPhase;
			buildActionMask = 2147483647;
			files = (
				E6326A4C1AB8D0A0002BEBF2 /* FuzzyLogicTests.swift in Sources */,
			);
			runOnlyForDeploymentPostprocessing = 0;
		};
/* End PBXSourcesBuildPhase section */

/* Begin PBXTargetDependency section */
		E6326A471AB8D0A0002BEBF2 /* PBXTargetDependency */ = {
			isa = PBXTargetDependency;
			target = E6326A2F1AB8D0A0002BEBF2 /* FuzzyLogic */;
			targetProxy = E6326A461AB8D0A0002BEBF2 /* PBXContainerItemProxy */;
		};
		E6326B621AB8D8F1002BEBF2 /* PBXTargetDependency */ = {
			isa = PBXTargetDependency;
			name = PureFutures;
			targetProxy = E6326B611AB8D8F1002BEBF2 /* PBXContainerItemProxy */;
		};
/* End PBXTargetDependency section */

/* Begin PBXVariantGroup section */
		E6326A391AB8D0A0002BEBF2 /* Main.storyboard */ = {
			isa = PBXVariantGroup;
			children = (
				E6326A3A1AB8D0A0002BEBF2 /* Base */,
			);
			name = Main.storyboard;
			sourceTree = "<group>";
		};
		E6326A3E1AB8D0A0002BEBF2 /* LaunchScreen.xib */ = {
			isa = PBXVariantGroup;
			children = (
				E6326A3F1AB8D0A0002BEBF2 /* Base */,
			);
			name = LaunchScreen.xib;
			sourceTree = "<group>";
		};
/* End PBXVariantGroup section */

/* Begin XCBuildConfiguration section */
		E6326A4D1AB8D0A0002BEBF2 /* Debug */ = {
			isa = XCBuildConfiguration;
			buildSettings = {
				ALWAYS_SEARCH_USER_PATHS = NO;
				CLANG_CXX_LANGUAGE_STANDARD = "gnu++0x";
				CLANG_CXX_LIBRARY = "libc++";
				CLANG_ENABLE_MODULES = YES;
				CLANG_ENABLE_OBJC_ARC = YES;
				CLANG_WARN_BOOL_CONVERSION = YES;
				CLANG_WARN_CONSTANT_CONVERSION = YES;
				CLANG_WARN_DIRECT_OBJC_ISA_USAGE = YES_ERROR;
				CLANG_WARN_EMPTY_BODY = YES;
				CLANG_WARN_ENUM_CONVERSION = YES;
				CLANG_WARN_INT_CONVERSION = YES;
				CLANG_WARN_OBJC_ROOT_CLASS = YES_ERROR;
				CLANG_WARN_UNREACHABLE_CODE = YES;
				CLANG_WARN__DUPLICATE_METHOD_MATCH = YES;
				"CODE_SIGN_IDENTITY[sdk=iphoneos*]" = "iPhone Developer";
				COPY_PHASE_STRIP = NO;
				ENABLE_STRICT_OBJC_MSGSEND = YES;
				GCC_C_LANGUAGE_STANDARD = gnu99;
				GCC_DYNAMIC_NO_PIC = NO;
				GCC_OPTIMIZATION_LEVEL = 0;
				GCC_PREPROCESSOR_DEFINITIONS = (
					"DEBUG=1",
					"$(inherited)",
				);
				GCC_SYMBOLS_PRIVATE_EXTERN = NO;
				GCC_WARN_64_TO_32_BIT_CONVERSION = YES;
				GCC_WARN_ABOUT_RETURN_TYPE = YES_ERROR;
				GCC_WARN_UNDECLARED_SELECTOR = YES;
				GCC_WARN_UNINITIALIZED_AUTOS = YES_AGGRESSIVE;
				GCC_WARN_UNUSED_FUNCTION = YES;
				GCC_WARN_UNUSED_VARIABLE = YES;
				IPHONEOS_DEPLOYMENT_TARGET = 8.2;
				MTL_ENABLE_DEBUG_INFO = YES;
				ONLY_ACTIVE_ARCH = YES;
				SDKROOT = iphoneos;
				SWIFT_OPTIMIZATION_LEVEL = "-Onone";
				TARGETED_DEVICE_FAMILY = "1,2";
			};
			name = Debug;
		};
		E6326A4E1AB8D0A0002BEBF2 /* Release */ = {
			isa = XCBuildConfiguration;
			buildSettings = {
				ALWAYS_SEARCH_USER_PATHS = NO;
				CLANG_CXX_LANGUAGE_STANDARD = "gnu++0x";
				CLANG_CXX_LIBRARY = "libc++";
				CLANG_ENABLE_MODULES = YES;
				CLANG_ENABLE_OBJC_ARC = YES;
				CLANG_WARN_BOOL_CONVERSION = YES;
				CLANG_WARN_CONSTANT_CONVERSION = YES;
				CLANG_WARN_DIRECT_OBJC_ISA_USAGE = YES_ERROR;
				CLANG_WARN_EMPTY_BODY = YES;
				CLANG_WARN_ENUM_CONVERSION = YES;
				CLANG_WARN_INT_CONVERSION = YES;
				CLANG_WARN_OBJC_ROOT_CLASS = YES_ERROR;
				CLANG_WARN_UNREACHABLE_CODE = YES;
				CLANG_WARN__DUPLICATE_METHOD_MATCH = YES;
				"CODE_SIGN_IDENTITY[sdk=iphoneos*]" = "iPhone Developer";
				COPY_PHASE_STRIP = NO;
				ENABLE_NS_ASSERTIONS = NO;
				ENABLE_STRICT_OBJC_MSGSEND = YES;
				GCC_C_LANGUAGE_STANDARD = gnu99;
				GCC_WARN_64_TO_32_BIT_CONVERSION = YES;
				GCC_WARN_ABOUT_RETURN_TYPE = YES_ERROR;
				GCC_WARN_UNDECLARED_SELECTOR = YES;
				GCC_WARN_UNINITIALIZED_AUTOS = YES_AGGRESSIVE;
				GCC_WARN_UNUSED_FUNCTION = YES;
				GCC_WARN_UNUSED_VARIABLE = YES;
				IPHONEOS_DEPLOYMENT_TARGET = 8.2;
				MTL_ENABLE_DEBUG_INFO = NO;
				SDKROOT = iphoneos;
				TARGETED_DEVICE_FAMILY = "1,2";
				VALIDATE_PRODUCT = YES;
			};
			name = Release;
		};
		E6326A501AB8D0A0002BEBF2 /* Debug */ = {
			isa = XCBuildConfiguration;
			buildSettings = {
				ASSETCATALOG_COMPILER_APPICON_NAME = AppIcon;
				INFOPLIST_FILE = FuzzyLogic/Info.plist;
				LD_RUNPATH_SEARCH_PATHS = "$(inherited) @executable_path/Frameworks";
				PRODUCT_NAME = "$(TARGET_NAME)";
				SWIFT_OBJC_BRIDGING_HEADER = "FuzzyLogic/FuzzyLogic-BridgingHeader.h";
			};
			name = Debug;
		};
		E6326A511AB8D0A0002BEBF2 /* Release */ = {
			isa = XCBuildConfiguration;
			buildSettings = {
				ASSETCATALOG_COMPILER_APPICON_NAME = AppIcon;
				INFOPLIST_FILE = FuzzyLogic/Info.plist;
				LD_RUNPATH_SEARCH_PATHS = "$(inherited) @executable_path/Frameworks";
				PRODUCT_NAME = "$(TARGET_NAME)";
				SWIFT_OBJC_BRIDGING_HEADER = "FuzzyLogic/FuzzyLogic-BridgingHeader.h";
			};
			name = Release;
		};
		E6326A531AB8D0A0002BEBF2 /* Debug */ = {
			isa = XCBuildConfiguration;
			buildSettings = {
				BUNDLE_LOADER = "$(TEST_HOST)";
				FRAMEWORK_SEARCH_PATHS = (
					"$(SDKROOT)/Developer/Library/Frameworks",
					"$(inherited)",
				);
				GCC_PREPROCESSOR_DEFINITIONS = (
					"DEBUG=1",
					"$(inherited)",
				);
				INFOPLIST_FILE = FuzzyLogicTests/Info.plist;
				LD_RUNPATH_SEARCH_PATHS = "$(inherited) @executable_path/Frameworks @loader_path/Frameworks";
				PRODUCT_NAME = "$(TARGET_NAME)";
				TEST_HOST = "$(BUILT_PRODUCTS_DIR)/FuzzyLogic.app/FuzzyLogic";
			};
			name = Debug;
		};
		E6326A541AB8D0A0002BEBF2 /* Release */ = {
			isa = XCBuildConfiguration;
			buildSettings = {
				BUNDLE_LOADER = "$(TEST_HOST)";
				FRAMEWORK_SEARCH_PATHS = (
					"$(SDKROOT)/Developer/Library/Frameworks",
					"$(inherited)",
				);
				INFOPLIST_FILE = FuzzyLogicTests/Info.plist;
				LD_RUNPATH_SEARCH_PATHS = "$(inherited) @executable_path/Frameworks @loader_path/Frameworks";
				PRODUCT_NAME = "$(TARGET_NAME)";
				TEST_HOST = "$(BUILT_PRODUCTS_DIR)/FuzzyLogic.app/FuzzyLogic";
			};
			name = Release;
		};
/* End XCBuildConfiguration section */

/* Begin XCConfigurationList section */
		E6326A2B1AB8D0A0002BEBF2 /* Build configuration list for PBXProject "FuzzyLogic" */ = {
			isa = XCConfigurationList;
			buildConfigurations = (
				E6326A4D1AB8D0A0002BEBF2 /* Debug */,
				E6326A4E1AB8D0A0002BEBF2 /* Release */,
			);
			defaultConfigurationIsVisible = 0;
			defaultConfigurationName = Release;
		};
		E6326A4F1AB8D0A0002BEBF2 /* Build configuration list for PBXNativeTarget "FuzzyLogic" */ = {
			isa = XCConfigurationList;
			buildConfigurations = (
				E6326A501AB8D0A0002BEBF2 /* Debug */,
				E6326A511AB8D0A0002BEBF2 /* Release */,
			);
			defaultConfigurationIsVisible = 0;
			defaultConfigurationName = Release;
		};
		E6326A521AB8D0A0002BEBF2 /* Build configuration list for PBXNativeTarget "FuzzyLogicTests" */ = {
			isa = XCConfigurationList;
			buildConfigurations = (
				E6326A531AB8D0A0002BEBF2 /* Debug */,
				E6326A541AB8D0A0002BEBF2 /* Release */,
			);
			defaultConfigurationIsVisible = 0;
			defaultConfigurationName = Release;
		};
/* End XCConfigurationList section */
	};
	rootObject = E6326A281AB8D0A0002BEBF2 /* Project object */;
}
